
Microsoft Visual Studio Solution File, Format Version 12.00
# Visual Studio Version 16
VisualStudioVersion = 16.0.29519.87
MinimumVisualStudioVersion = 10.0.40219.1
Project("{2150E333-8FDC-42A3-9474-1A3956D46DE8}") = "Services", "Services", "{B78FA97B-4FD8-4F39-A94C-8A41B16DE59B}"
EndProject
Project("{2150E333-8FDC-42A3-9474-1A3956D46DE8}") = "Traffic", "Traffic", "{E2FD9088-50E3-451F-BB66-D4C651A69134}"
EndProject
Project("{2150E333-8FDC-42A3-9474-1A3956D46DE8}") = "Core", "Core", "{185F145E-275F-4D80-998B-66AEFCFEB205}"
EndProject
Project("{FAE04EC0-301F-11D3-BF4B-00C04F79EFBC}") = "OneSim.Traffic.Domain", "OneSim.Traffic.Domain\OneSim.Traffic.Domain.csproj", "{4133E16B-50F8-4C1A-8E45-F39DAE576942}"
EndProject
Project("{FAE04EC0-301F-11D3-BF4B-00C04F79EFBC}") = "OneSim.Traffic.Tests", "OneSim.Traffic.Tests\OneSim.Traffic.Tests.csproj", "{745F60E5-10D7-405E-8F98-512CF41B5540}"
EndProject
Project("{FAE04EC0-301F-11D3-BF4B-00C04F79EFBC}") = "OneSim.Traffic.Application", "OneSim.Traffic.Application\OneSim.Traffic.Application.csproj", "{36DF34CD-FB48-42B5-8EA2-EDE9F6434F26}"
EndProject
Project("{FAE04EC0-301F-11D3-BF4B-00C04F79EFBC}") = "OneSim.Traffic.Infrastructure", "OneSim.Traffic.Infrastructure\OneSim.Traffic.Infrastructure.csproj", "{FD363A17-D72D-4E3F-A2D6-801EBFAC1DE9}"
EndProject
Project("{FAE04EC0-301F-11D3-BF4B-00C04F79EFBC}") = "OneSim.Traffic.Api", "OneSim.Traffic.Api\OneSim.Traffic.Api.csproj", "{437F2403-C7FB-47FF-A464-9EAFA444491F}"
EndProject
Project("{FAE04EC0-301F-11D3-BF4B-00C04F79EFBC}") = "OneSim.Traffic.Persistence", "OneSim.Traffic.Persistence\OneSim.Traffic.Persistence.csproj", "{4915AF49-D69C-4F77-AEFE-8C32E0955680}"
EndProject
Project("{FAE04EC0-301F-11D3-BF4B-00C04F79EFBC}") = "OneSim.Traffic.Map", "OneSim.Traffic.Map\OneSim.Traffic.Map.csproj", "{8CAF6189-B130-4B4E-8368-DDA11C3E7877}"
EndProject
Project("{2150E333-8FDC-42A3-9474-1A3956D46DE8}") = "Presentation", "Presentation", "{6C3DF098-18EF-4FA1-BF90-2DC1809A5481}"
EndProject
Project("{FAE04EC0-301F-11D3-BF4B-00C04F79EFBC}") = "OneSim.Traffic.ConsoleClient", "OneSim.Traffic.ConsoleClient\OneSim.Traffic.ConsoleClient.csproj", "{AF620FE3-6977-4068-AB9E-D8BEA23073D9}"
EndProject
Project("{2150E333-8FDC-42A3-9474-1A3956D46DE8}") = "Tests", "Tests", "{A5CBA8CB-F6C6-485D-8DAB-0706547DCA6D}"
EndProject
Project("{2150E333-8FDC-42A3-9474-1A3956D46DE8}") = "Identity", "Identity", "{9867B927-E6F4-4835-A522-93CCA8CB2D60}"
EndProject
Project("{FAE04EC0-301F-11D3-BF4B-00C04F79EFBC}") = "OneSim.Identity.Web", "OneSim.Identity.Web\OneSim.Identity.Web.csproj", "{A28286DC-82C4-4432-94A2-35DB1B80EAF3}"
EndProject
Project("{2150E333-8FDC-42A3-9474-1A3956D46DE8}") = "Presentation", "Presentation", "{826BB405-D9D2-4358-90F0-D91A1B538A60}"
EndProject
Project("{2150E333-8FDC-42A3-9474-1A3956D46DE8}") = "Core", "Core", "{0128CE84-A143-4AAD-B323-68E7E1845390}"
EndProject
Project("{FAE04EC0-301F-11D3-BF4B-00C04F79EFBC}") = "OneSim.Identity.Domain", "OneSim.Identity.Domain\OneSim.Identity.Domain.csproj", "{7D628EF9-D885-474F-8719-AFA69CA2F376}"
EndProject
Project("{FAE04EC0-301F-11D3-BF4B-00C04F79EFBC}") = "OneSim.Identity.Application", "OneSim.Identity.Application\OneSim.Identity.Application.csproj", "{BCC13E1D-D4D6-4A30-AA99-944E2EF1D500}"
EndProject
Project("{2150E333-8FDC-42A3-9474-1A3956D46DE8}") = "Common", "Common", "{A5B07A8C-0D35-4775-8FA9-01300F146109}"
EndProject
Project("{FAE04EC0-301F-11D3-BF4B-00C04F79EFBC}") = "OneSim.Common.Application", "OneSim.Common.Application\OneSim.Common.Application.csproj", "{303EDEF5-55CD-4EC1-B105-3A6A6C231268}"
EndProject
Project("{FAE04EC0-301F-11D3-BF4B-00C04F79EFBC}") = "OneSim.Identity.Infrastructure", "OneSim.Identity.Infrastructure\OneSim.Identity.Infrastructure.csproj", "{3F9EBB55-02B7-4AF0-9B5E-D7F90D772BF4}"
EndProject
Project("{FAE04EC0-301F-11D3-BF4B-00C04F79EFBC}") = "OneSim.Identity.Persistence", "OneSim.Identity.Persistence\OneSim.Identity.Persistence.csproj", "{7CF4A002-C6D2-4191-97DF-5328D0815D8F}"
EndProject
Project("{2150E333-8FDC-42A3-9474-1A3956D46DE8}") = "Tests", "Tests", "{7B843824-E269-4DD4-8621-651E07F3B66D}"
EndProject
Project("{FAE04EC0-301F-11D3-BF4B-00C04F79EFBC}") = "OneSim.Identity.Tests", "OneSim.Identity.Tests\OneSim.Identity.Tests.csproj", "{2C4076BB-7ADF-4442-A563-1D51A45017FA}"
EndProject
Global
				GlobalSection(SolutionConfigurationPlatforms) = preSolution
								Debug|Any CPU = Debug|Any CPU
								Debug|ARM = Debug|ARM
								Debug|ARM64 = Debug|ARM64
								Debug|x64 = Debug|x64
								Debug|x86 = Debug|x86
								Release|Any CPU = Release|Any CPU
								Release|ARM = Release|ARM
								Release|ARM64 = Release|ARM64
								Release|x64 = Release|x64
								Release|x86 = Release|x86
				EndGlobalSection
				GlobalSection(ProjectConfigurationPlatforms) = postSolution
								{4133E16B-50F8-4C1A-8E45-F39DAE576942}.Debug|Any CPU.ActiveCfg = Debug|Any CPU
								{4133E16B-50F8-4C1A-8E45-F39DAE576942}.Debug|Any CPU.Build.0 = Debug|Any CPU
								{4133E16B-50F8-4C1A-8E45-F39DAE576942}.Debug|ARM.ActiveCfg = Debug|Any CPU
								{4133E16B-50F8-4C1A-8E45-F39DAE576942}.Debug|ARM.Build.0 = Debug|Any CPU
								{4133E16B-50F8-4C1A-8E45-F39DAE576942}.Debug|ARM64.ActiveCfg = Debug|Any CPU
								{4133E16B-50F8-4C1A-8E45-F39DAE576942}.Debug|ARM64.Build.0 = Debug|Any CPU
								{4133E16B-50F8-4C1A-8E45-F39DAE576942}.Debug|x64.ActiveCfg = Debug|Any CPU
								{4133E16B-50F8-4C1A-8E45-F39DAE576942}.Debug|x64.Build.0 = Debug|Any CPU
								{4133E16B-50F8-4C1A-8E45-F39DAE576942}.Debug|x86.ActiveCfg = Debug|Any CPU
								{4133E16B-50F8-4C1A-8E45-F39DAE576942}.Debug|x86.Build.0 = Debug|Any CPU
								{4133E16B-50F8-4C1A-8E45-F39DAE576942}.Release|Any CPU.ActiveCfg = Release|Any CPU
								{4133E16B-50F8-4C1A-8E45-F39DAE576942}.Release|Any CPU.Build.0 = Release|Any CPU
								{4133E16B-50F8-4C1A-8E45-F39DAE576942}.Release|ARM.ActiveCfg = Release|Any CPU
								{4133E16B-50F8-4C1A-8E45-F39DAE576942}.Release|ARM.Build.0 = Release|Any CPU
								{4133E16B-50F8-4C1A-8E45-F39DAE576942}.Release|ARM64.ActiveCfg = Release|Any CPU
								{4133E16B-50F8-4C1A-8E45-F39DAE576942}.Release|ARM64.Build.0 = Release|Any CPU
								{4133E16B-50F8-4C1A-8E45-F39DAE576942}.Release|x64.ActiveCfg = Release|Any CPU
								{4133E16B-50F8-4C1A-8E45-F39DAE576942}.Release|x64.Build.0 = Release|Any CPU
								{4133E16B-50F8-4C1A-8E45-F39DAE576942}.Release|x86.ActiveCfg = Release|Any CPU
								{4133E16B-50F8-4C1A-8E45-F39DAE576942}.Release|x86.Build.0 = Release|Any CPU
								{745F60E5-10D7-405E-8F98-512CF41B5540}.Debug|Any CPU.ActiveCfg = Debug|Any CPU
								{745F60E5-10D7-405E-8F98-512CF41B5540}.Debug|Any CPU.Build.0 = Debug|Any CPU
								{745F60E5-10D7-405E-8F98-512CF41B5540}.Debug|ARM.ActiveCfg = Debug|Any CPU
								{745F60E5-10D7-405E-8F98-512CF41B5540}.Debug|ARM.Build.0 = Debug|Any CPU
								{745F60E5-10D7-405E-8F98-512CF41B5540}.Debug|ARM64.ActiveCfg = Debug|Any CPU
								{745F60E5-10D7-405E-8F98-512CF41B5540}.Debug|ARM64.Build.0 = Debug|Any CPU
								{745F60E5-10D7-405E-8F98-512CF41B5540}.Debug|x64.ActiveCfg = Debug|Any CPU
								{745F60E5-10D7-405E-8F98-512CF41B5540}.Debug|x64.Build.0 = Debug|Any CPU
								{745F60E5-10D7-405E-8F98-512CF41B5540}.Debug|x86.ActiveCfg = Debug|Any CPU
								{745F60E5-10D7-405E-8F98-512CF41B5540}.Debug|x86.Build.0 = Debug|Any CPU
								{745F60E5-10D7-405E-8F98-512CF41B5540}.Release|Any CPU.ActiveCfg = Release|Any CPU
								{745F60E5-10D7-405E-8F98-512CF41B5540}.Release|Any CPU.Build.0 = Release|Any CPU
								{745F60E5-10D7-405E-8F98-512CF41B5540}.Release|ARM.ActiveCfg = Release|Any CPU
								{745F60E5-10D7-405E-8F98-512CF41B5540}.Release|ARM.Build.0 = Release|Any CPU
								{745F60E5-10D7-405E-8F98-512CF41B5540}.Release|ARM64.ActiveCfg = Release|Any CPU
								{745F60E5-10D7-405E-8F98-512CF41B5540}.Release|ARM64.Build.0 = Release|Any CPU
								{745F60E5-10D7-405E-8F98-512CF41B5540}.Release|x64.ActiveCfg = Release|Any CPU
								{745F60E5-10D7-405E-8F98-512CF41B5540}.Release|x64.Build.0 = Release|Any CPU
								{745F60E5-10D7-405E-8F98-512CF41B5540}.Release|x86.ActiveCfg = Release|Any CPU
								{745F60E5-10D7-405E-8F98-512CF41B5540}.Release|x86.Build.0 = Release|Any CPU
								{36DF34CD-FB48-42B5-8EA2-EDE9F6434F26}.Debug|Any CPU.ActiveCfg = Debug|Any CPU
								{36DF34CD-FB48-42B5-8EA2-EDE9F6434F26}.Debug|Any CPU.Build.0 = Debug|Any CPU
								{36DF34CD-FB48-42B5-8EA2-EDE9F6434F26}.Debug|ARM.ActiveCfg = Debug|Any CPU
								{36DF34CD-FB48-42B5-8EA2-EDE9F6434F26}.Debug|ARM.Build.0 = Debug|Any CPU
								{36DF34CD-FB48-42B5-8EA2-EDE9F6434F26}.Debug|ARM64.ActiveCfg = Debug|Any CPU
								{36DF34CD-FB48-42B5-8EA2-EDE9F6434F26}.Debug|ARM64.Build.0 = Debug|Any CPU
								{36DF34CD-FB48-42B5-8EA2-EDE9F6434F26}.Debug|x64.ActiveCfg = Debug|Any CPU
								{36DF34CD-FB48-42B5-8EA2-EDE9F6434F26}.Debug|x64.Build.0 = Debug|Any CPU
								{36DF34CD-FB48-42B5-8EA2-EDE9F6434F26}.Debug|x86.ActiveCfg = Debug|Any CPU
								{36DF34CD-FB48-42B5-8EA2-EDE9F6434F26}.Debug|x86.Build.0 = Debug|Any CPU
								{36DF34CD-FB48-42B5-8EA2-EDE9F6434F26}.Release|Any CPU.ActiveCfg = Release|Any CPU
								{36DF34CD-FB48-42B5-8EA2-EDE9F6434F26}.Release|Any CPU.Build.0 = Release|Any CPU
								{36DF34CD-FB48-42B5-8EA2-EDE9F6434F26}.Release|ARM.ActiveCfg = Release|Any CPU
								{36DF34CD-FB48-42B5-8EA2-EDE9F6434F26}.Release|ARM.Build.0 = Release|Any CPU
								{36DF34CD-FB48-42B5-8EA2-EDE9F6434F26}.Release|ARM64.ActiveCfg = Release|Any CPU
								{36DF34CD-FB48-42B5-8EA2-EDE9F6434F26}.Release|ARM64.Build.0 = Release|Any CPU
								{36DF34CD-FB48-42B5-8EA2-EDE9F6434F26}.Release|x64.ActiveCfg = Release|Any CPU
								{36DF34CD-FB48-42B5-8EA2-EDE9F6434F26}.Release|x64.Build.0 = Release|Any CPU
								{36DF34CD-FB48-42B5-8EA2-EDE9F6434F26}.Release|x86.ActiveCfg = Release|Any CPU
								{36DF34CD-FB48-42B5-8EA2-EDE9F6434F26}.Release|x86.Build.0 = Release|Any CPU
								{FD363A17-D72D-4E3F-A2D6-801EBFAC1DE9}.Debug|Any CPU.ActiveCfg = Debug|Any CPU
								{FD363A17-D72D-4E3F-A2D6-801EBFAC1DE9}.Debug|Any CPU.Build.0 = Debug|Any CPU
								{FD363A17-D72D-4E3F-A2D6-801EBFAC1DE9}.Debug|ARM.ActiveCfg = Debug|Any CPU
								{FD363A17-D72D-4E3F-A2D6-801EBFAC1DE9}.Debug|ARM.Build.0 = Debug|Any CPU
								{FD363A17-D72D-4E3F-A2D6-801EBFAC1DE9}.Debug|ARM64.ActiveCfg = Debug|Any CPU
								{FD363A17-D72D-4E3F-A2D6-801EBFAC1DE9}.Debug|ARM64.Build.0 = Debug|Any CPU
								{FD363A17-D72D-4E3F-A2D6-801EBFAC1DE9}.Debug|x64.ActiveCfg = Debug|Any CPU
								{FD363A17-D72D-4E3F-A2D6-801EBFAC1DE9}.Debug|x64.Build.0 = Debug|Any CPU
								{FD363A17-D72D-4E3F-A2D6-801EBFAC1DE9}.Debug|x86.ActiveCfg = Debug|Any CPU
								{FD363A17-D72D-4E3F-A2D6-801EBFAC1DE9}.Debug|x86.Build.0 = Debug|Any CPU
								{FD363A17-D72D-4E3F-A2D6-801EBFAC1DE9}.Release|Any CPU.ActiveCfg = Release|Any CPU
								{FD363A17-D72D-4E3F-A2D6-801EBFAC1DE9}.Release|Any CPU.Build.0 = Release|Any CPU
								{FD363A17-D72D-4E3F-A2D6-801EBFAC1DE9}.Release|ARM.ActiveCfg = Release|Any CPU
								{FD363A17-D72D-4E3F-A2D6-801EBFAC1DE9}.Release|ARM.Build.0 = Release|Any CPU
								{FD363A17-D72D-4E3F-A2D6-801EBFAC1DE9}.Release|ARM64.ActiveCfg = Release|Any CPU
								{FD363A17-D72D-4E3F-A2D6-801EBFAC1DE9}.Release|ARM64.Build.0 = Release|Any CPU
								{FD363A17-D72D-4E3F-A2D6-801EBFAC1DE9}.Release|x64.ActiveCfg = Release|Any CPU
								{FD363A17-D72D-4E3F-A2D6-801EBFAC1DE9}.Release|x64.Build.0 = Release|Any CPU
								{FD363A17-D72D-4E3F-A2D6-801EBFAC1DE9}.Release|x86.ActiveCfg = Release|Any CPU
								{FD363A17-D72D-4E3F-A2D6-801EBFAC1DE9}.Release|x86.Build.0 = Release|Any CPU
								{437F2403-C7FB-47FF-A464-9EAFA444491F}.Debug|Any CPU.ActiveCfg = Debug|Any CPU
								{437F2403-C7FB-47FF-A464-9EAFA444491F}.Debug|Any CPU.Build.0 = Debug|Any CPU
								{437F2403-C7FB-47FF-A464-9EAFA444491F}.Debug|ARM.ActiveCfg = Debug|Any CPU
								{437F2403-C7FB-47FF-A464-9EAFA444491F}.Debug|ARM.Build.0 = Debug|Any CPU
								{437F2403-C7FB-47FF-A464-9EAFA444491F}.Debug|ARM64.ActiveCfg = Debug|Any CPU
								{437F2403-C7FB-47FF-A464-9EAFA444491F}.Debug|ARM64.Build.0 = Debug|Any CPU
								{437F2403-C7FB-47FF-A464-9EAFA444491F}.Debug|x64.ActiveCfg = Debug|Any CPU
								{437F2403-C7FB-47FF-A464-9EAFA444491F}.Debug|x64.Build.0 = Debug|Any CPU
								{437F2403-C7FB-47FF-A464-9EAFA444491F}.Debug|x86.ActiveCfg = Debug|Any CPU
								{437F2403-C7FB-47FF-A464-9EAFA444491F}.Debug|x86.Build.0 = Debug|Any CPU
								{437F2403-C7FB-47FF-A464-9EAFA444491F}.Release|Any CPU.ActiveCfg = Release|Any CPU
								{437F2403-C7FB-47FF-A464-9EAFA444491F}.Release|Any CPU.Build.0 = Release|Any CPU
								{437F2403-C7FB-47FF-A464-9EAFA444491F}.Release|ARM.ActiveCfg = Release|Any CPU
								{437F2403-C7FB-47FF-A464-9EAFA444491F}.Release|ARM.Build.0 = Release|Any CPU
								{437F2403-C7FB-47FF-A464-9EAFA444491F}.Release|ARM64.ActiveCfg = Release|Any CPU
								{437F2403-C7FB-47FF-A464-9EAFA444491F}.Release|ARM64.Build.0 = Release|Any CPU
								{437F2403-C7FB-47FF-A464-9EAFA444491F}.Release|x64.ActiveCfg = Release|Any CPU
								{437F2403-C7FB-47FF-A464-9EAFA444491F}.Release|x64.Build.0 = Release|Any CPU
								{437F2403-C7FB-47FF-A464-9EAFA444491F}.Release|x86.ActiveCfg = Release|Any CPU
								{437F2403-C7FB-47FF-A464-9EAFA444491F}.Release|x86.Build.0 = Release|Any CPU
								{4915AF49-D69C-4F77-AEFE-8C32E0955680}.Debug|Any CPU.ActiveCfg = Debug|Any CPU
								{4915AF49-D69C-4F77-AEFE-8C32E0955680}.Debug|Any CPU.Build.0 = Debug|Any CPU
								{4915AF49-D69C-4F77-AEFE-8C32E0955680}.Debug|ARM.ActiveCfg = Debug|Any CPU
								{4915AF49-D69C-4F77-AEFE-8C32E0955680}.Debug|ARM.Build.0 = Debug|Any CPU
								{4915AF49-D69C-4F77-AEFE-8C32E0955680}.Debug|ARM64.ActiveCfg = Debug|Any CPU
								{4915AF49-D69C-4F77-AEFE-8C32E0955680}.Debug|ARM64.Build.0 = Debug|Any CPU
								{4915AF49-D69C-4F77-AEFE-8C32E0955680}.Debug|x64.ActiveCfg = Debug|Any CPU
								{4915AF49-D69C-4F77-AEFE-8C32E0955680}.Debug|x64.Build.0 = Debug|Any CPU
								{4915AF49-D69C-4F77-AEFE-8C32E0955680}.Debug|x86.ActiveCfg = Debug|Any CPU
								{4915AF49-D69C-4F77-AEFE-8C32E0955680}.Debug|x86.Build.0 = Debug|Any CPU
								{4915AF49-D69C-4F77-AEFE-8C32E0955680}.Release|Any CPU.ActiveCfg = Release|Any CPU
								{4915AF49-D69C-4F77-AEFE-8C32E0955680}.Release|Any CPU.Build.0 = Release|Any CPU
								{4915AF49-D69C-4F77-AEFE-8C32E0955680}.Release|ARM.ActiveCfg = Release|Any CPU
								{4915AF49-D69C-4F77-AEFE-8C32E0955680}.Release|ARM.Build.0 = Release|Any CPU
								{4915AF49-D69C-4F77-AEFE-8C32E0955680}.Release|ARM64.ActiveCfg = Release|Any CPU
								{4915AF49-D69C-4F77-AEFE-8C32E0955680}.Release|ARM64.Build.0 = Release|Any CPU
								{4915AF49-D69C-4F77-AEFE-8C32E0955680}.Release|x64.ActiveCfg = Release|Any CPU
								{4915AF49-D69C-4F77-AEFE-8C32E0955680}.Release|x64.Build.0 = Release|Any CPU
								{4915AF49-D69C-4F77-AEFE-8C32E0955680}.Release|x86.ActiveCfg = Release|Any CPU
								{4915AF49-D69C-4F77-AEFE-8C32E0955680}.Release|x86.Build.0 = Release|Any CPU
								{8CAF6189-B130-4B4E-8368-DDA11C3E7877}.Debug|Any CPU.ActiveCfg = Debug|Any CPU
								{8CAF6189-B130-4B4E-8368-DDA11C3E7877}.Debug|Any CPU.Build.0 = Debug|Any CPU
								{8CAF6189-B130-4B4E-8368-DDA11C3E7877}.Debug|ARM.ActiveCfg = Debug|Any CPU
								{8CAF6189-B130-4B4E-8368-DDA11C3E7877}.Debug|ARM.Build.0 = Debug|Any CPU
								{8CAF6189-B130-4B4E-8368-DDA11C3E7877}.Debug|ARM64.ActiveCfg = Debug|Any CPU
								{8CAF6189-B130-4B4E-8368-DDA11C3E7877}.Debug|ARM64.Build.0 = Debug|Any CPU
								{8CAF6189-B130-4B4E-8368-DDA11C3E7877}.Debug|x64.ActiveCfg = Debug|Any CPU
								{8CAF6189-B130-4B4E-8368-DDA11C3E7877}.Debug|x64.Build.0 = Debug|Any CPU
								{8CAF6189-B130-4B4E-8368-DDA11C3E7877}.Debug|x86.ActiveCfg = Debug|Any CPU
								{8CAF6189-B130-4B4E-8368-DDA11C3E7877}.Debug|x86.Build.0 = Debug|Any CPU
								{8CAF6189-B130-4B4E-8368-DDA11C3E7877}.Release|Any CPU.ActiveCfg = Release|Any CPU
								{8CAF6189-B130-4B4E-8368-DDA11C3E7877}.Release|Any CPU.Build.0 = Release|Any CPU
								{8CAF6189-B130-4B4E-8368-DDA11C3E7877}.Release|ARM.ActiveCfg = Release|Any CPU
								{8CAF6189-B130-4B4E-8368-DDA11C3E7877}.Release|ARM.Build.0 = Release|Any CPU
								{8CAF6189-B130-4B4E-8368-DDA11C3E7877}.Release|ARM64.ActiveCfg = Release|Any CPU
								{8CAF6189-B130-4B4E-8368-DDA11C3E7877}.Release|ARM64.Build.0 = Release|Any CPU
								{8CAF6189-B130-4B4E-8368-DDA11C3E7877}.Release|x64.ActiveCfg = Release|Any CPU
								{8CAF6189-B130-4B4E-8368-DDA11C3E7877}.Release|x64.Build.0 = Release|Any CPU
								{8CAF6189-B130-4B4E-8368-DDA11C3E7877}.Release|x86.ActiveCfg = Release|Any CPU
								{8CAF6189-B130-4B4E-8368-DDA11C3E7877}.Release|x86.Build.0 = Release|Any CPU
								{AF620FE3-6977-4068-AB9E-D8BEA23073D9}.Debug|Any CPU.ActiveCfg = Debug|Any CPU
								{AF620FE3-6977-4068-AB9E-D8BEA23073D9}.Debug|Any CPU.Build.0 = Debug|Any CPU
								{AF620FE3-6977-4068-AB9E-D8BEA23073D9}.Debug|ARM.ActiveCfg = Debug|Any CPU
								{AF620FE3-6977-4068-AB9E-D8BEA23073D9}.Debug|ARM.Build.0 = Debug|Any CPU
								{AF620FE3-6977-4068-AB9E-D8BEA23073D9}.Debug|ARM64.ActiveCfg = Debug|Any CPU
								{AF620FE3-6977-4068-AB9E-D8BEA23073D9}.Debug|ARM64.Build.0 = Debug|Any CPU
								{AF620FE3-6977-4068-AB9E-D8BEA23073D9}.Debug|x64.ActiveCfg = Debug|Any CPU
								{AF620FE3-6977-4068-AB9E-D8BEA23073D9}.Debug|x64.Build.0 = Debug|Any CPU
								{AF620FE3-6977-4068-AB9E-D8BEA23073D9}.Debug|x86.ActiveCfg = Debug|Any CPU
								{AF620FE3-6977-4068-AB9E-D8BEA23073D9}.Debug|x86.Build.0 = Debug|Any CPU
								{AF620FE3-6977-4068-AB9E-D8BEA23073D9}.Release|Any CPU.ActiveCfg = Release|Any CPU
								{AF620FE3-6977-4068-AB9E-D8BEA23073D9}.Release|Any CPU.Build.0 = Release|Any CPU
								{AF620FE3-6977-4068-AB9E-D8BEA23073D9}.Release|ARM.ActiveCfg = Release|Any CPU
								{AF620FE3-6977-4068-AB9E-D8BEA23073D9}.Release|ARM.Build.0 = Release|Any CPU
								{AF620FE3-6977-4068-AB9E-D8BEA23073D9}.Release|ARM64.ActiveCfg = Release|Any CPU
								{AF620FE3-6977-4068-AB9E-D8BEA23073D9}.Release|ARM64.Build.0 = Release|Any CPU
								{AF620FE3-6977-4068-AB9E-D8BEA23073D9}.Release|x64.ActiveCfg = Release|Any CPU
								{AF620FE3-6977-4068-AB9E-D8BEA23073D9}.Release|x64.Build.0 = Release|Any CPU
								{AF620FE3-6977-4068-AB9E-D8BEA23073D9}.Release|x86.ActiveCfg = Release|Any CPU
								{AF620FE3-6977-4068-AB9E-D8BEA23073D9}.Release|x86.Build.0 = Release|Any CPU
					{A28286DC-82C4-4432-94A2-35DB1B80EAF3}.Debug|Any CPU.ActiveCfg = Debug|Any CPU
					{A28286DC-82C4-4432-94A2-35DB1B80EAF3}.Debug|Any CPU.Build.0 = Debug|Any CPU
					{A28286DC-82C4-4432-94A2-35DB1B80EAF3}.Debug|ARM.ActiveCfg = Debug|Any CPU
					{A28286DC-82C4-4432-94A2-35DB1B80EAF3}.Debug|ARM.Build.0 = Debug|Any CPU
					{A28286DC-82C4-4432-94A2-35DB1B80EAF3}.Debug|ARM64.ActiveCfg = Debug|Any CPU
					{A28286DC-82C4-4432-94A2-35DB1B80EAF3}.Debug|ARM64.Build.0 = Debug|Any CPU
					{A28286DC-82C4-4432-94A2-35DB1B80EAF3}.Debug|x64.ActiveCfg = Debug|Any CPU
					{A28286DC-82C4-4432-94A2-35DB1B80EAF3}.Debug|x64.Build.0 = Debug|Any CPU
					{A28286DC-82C4-4432-94A2-35DB1B80EAF3}.Debug|x86.ActiveCfg = Debug|Any CPU
					{A28286DC-82C4-4432-94A2-35DB1B80EAF3}.Debug|x86.Build.0 = Debug|Any CPU
					{A28286DC-82C4-4432-94A2-35DB1B80EAF3}.Release|Any CPU.ActiveCfg = Release|Any CPU
					{A28286DC-82C4-4432-94A2-35DB1B80EAF3}.Release|Any CPU.Build.0 = Release|Any CPU
					{A28286DC-82C4-4432-94A2-35DB1B80EAF3}.Release|ARM.ActiveCfg = Release|Any CPU
					{A28286DC-82C4-4432-94A2-35DB1B80EAF3}.Release|ARM.Build.0 = Release|Any CPU
					{A28286DC-82C4-4432-94A2-35DB1B80EAF3}.Release|ARM64.ActiveCfg = Release|Any CPU
					{A28286DC-82C4-4432-94A2-35DB1B80EAF3}.Release|ARM64.Build.0 = Release|Any CPU
					{A28286DC-82C4-4432-94A2-35DB1B80EAF3}.Release|x64.ActiveCfg = Release|Any CPU
					{A28286DC-82C4-4432-94A2-35DB1B80EAF3}.Release|x64.Build.0 = Release|Any CPU
					{A28286DC-82C4-4432-94A2-35DB1B80EAF3}.Release|x86.ActiveCfg = Release|Any CPU
					{A28286DC-82C4-4432-94A2-35DB1B80EAF3}.Release|x86.Build.0 = Release|Any CPU
					{7D628EF9-D885-474F-8719-AFA69CA2F376}.Debug|Any CPU.ActiveCfg = Debug|Any CPU
					{7D628EF9-D885-474F-8719-AFA69CA2F376}.Debug|Any CPU.Build.0 = Debug|Any CPU
					{7D628EF9-D885-474F-8719-AFA69CA2F376}.Debug|ARM.ActiveCfg = Debug|Any CPU
					{7D628EF9-D885-474F-8719-AFA69CA2F376}.Debug|ARM.Build.0 = Debug|Any CPU
					{7D628EF9-D885-474F-8719-AFA69CA2F376}.Debug|ARM64.ActiveCfg = Debug|Any CPU
					{7D628EF9-D885-474F-8719-AFA69CA2F376}.Debug|ARM64.Build.0 = Debug|Any CPU
					{7D628EF9-D885-474F-8719-AFA69CA2F376}.Debug|x64.ActiveCfg = Debug|Any CPU
					{7D628EF9-D885-474F-8719-AFA69CA2F376}.Debug|x64.Build.0 = Debug|Any CPU
					{7D628EF9-D885-474F-8719-AFA69CA2F376}.Debug|x86.ActiveCfg = Debug|Any CPU
					{7D628EF9-D885-474F-8719-AFA69CA2F376}.Debug|x86.Build.0 = Debug|Any CPU
					{7D628EF9-D885-474F-8719-AFA69CA2F376}.Release|Any CPU.ActiveCfg = Release|Any CPU
					{7D628EF9-D885-474F-8719-AFA69CA2F376}.Release|Any CPU.Build.0 = Release|Any CPU
					{7D628EF9-D885-474F-8719-AFA69CA2F376}.Release|ARM.ActiveCfg = Release|Any CPU
					{7D628EF9-D885-474F-8719-AFA69CA2F376}.Release|ARM.Build.0 = Release|Any CPU
					{7D628EF9-D885-474F-8719-AFA69CA2F376}.Release|ARM64.ActiveCfg = Release|Any CPU
					{7D628EF9-D885-474F-8719-AFA69CA2F376}.Release|ARM64.Build.0 = Release|Any CPU
					{7D628EF9-D885-474F-8719-AFA69CA2F376}.Release|x64.ActiveCfg = Release|Any CPU
					{7D628EF9-D885-474F-8719-AFA69CA2F376}.Release|x64.Build.0 = Release|Any CPU
					{7D628EF9-D885-474F-8719-AFA69CA2F376}.Release|x86.ActiveCfg = Release|Any CPU
					{7D628EF9-D885-474F-8719-AFA69CA2F376}.Release|x86.Build.0 = Release|Any CPU
					{BCC13E1D-D4D6-4A30-AA99-944E2EF1D500}.Debug|Any CPU.ActiveCfg = Debug|Any CPU
					{BCC13E1D-D4D6-4A30-AA99-944E2EF1D500}.Debug|Any CPU.Build.0 = Debug|Any CPU
					{BCC13E1D-D4D6-4A30-AA99-944E2EF1D500}.Debug|ARM.ActiveCfg = Debug|Any CPU
					{BCC13E1D-D4D6-4A30-AA99-944E2EF1D500}.Debug|ARM.Build.0 = Debug|Any CPU
					{BCC13E1D-D4D6-4A30-AA99-944E2EF1D500}.Debug|ARM64.ActiveCfg = Debug|Any CPU
					{BCC13E1D-D4D6-4A30-AA99-944E2EF1D500}.Debug|ARM64.Build.0 = Debug|Any CPU
					{BCC13E1D-D4D6-4A30-AA99-944E2EF1D500}.Debug|x64.ActiveCfg = Debug|Any CPU
					{BCC13E1D-D4D6-4A30-AA99-944E2EF1D500}.Debug|x64.Build.0 = Debug|Any CPU
					{BCC13E1D-D4D6-4A30-AA99-944E2EF1D500}.Debug|x86.ActiveCfg = Debug|Any CPU
					{BCC13E1D-D4D6-4A30-AA99-944E2EF1D500}.Debug|x86.Build.0 = Debug|Any CPU
					{BCC13E1D-D4D6-4A30-AA99-944E2EF1D500}.Release|Any CPU.ActiveCfg = Release|Any CPU
					{BCC13E1D-D4D6-4A30-AA99-944E2EF1D500}.Release|Any CPU.Build.0 = Release|Any CPU
					{BCC13E1D-D4D6-4A30-AA99-944E2EF1D500}.Release|ARM.ActiveCfg = Release|Any CPU
					{BCC13E1D-D4D6-4A30-AA99-944E2EF1D500}.Release|ARM.Build.0 = Release|Any CPU
					{BCC13E1D-D4D6-4A30-AA99-944E2EF1D500}.Release|ARM64.ActiveCfg = Release|Any CPU
					{BCC13E1D-D4D6-4A30-AA99-944E2EF1D500}.Release|ARM64.Build.0 = Release|Any CPU
					{BCC13E1D-D4D6-4A30-AA99-944E2EF1D500}.Release|x64.ActiveCfg = Release|Any CPU
					{BCC13E1D-D4D6-4A30-AA99-944E2EF1D500}.Release|x64.Build.0 = Release|Any CPU
					{BCC13E1D-D4D6-4A30-AA99-944E2EF1D500}.Release|x86.ActiveCfg = Release|Any CPU
					{BCC13E1D-D4D6-4A30-AA99-944E2EF1D500}.Release|x86.Build.0 = Release|Any CPU
					{303EDEF5-55CD-4EC1-B105-3A6A6C231268}.Debug|Any CPU.ActiveCfg = Debug|Any CPU
					{303EDEF5-55CD-4EC1-B105-3A6A6C231268}.Debug|Any CPU.Build.0 = Debug|Any CPU
					{303EDEF5-55CD-4EC1-B105-3A6A6C231268}.Debug|ARM.ActiveCfg = Debug|Any CPU
					{303EDEF5-55CD-4EC1-B105-3A6A6C231268}.Debug|ARM.Build.0 = Debug|Any CPU
					{303EDEF5-55CD-4EC1-B105-3A6A6C231268}.Debug|ARM64.ActiveCfg = Debug|Any CPU
					{303EDEF5-55CD-4EC1-B105-3A6A6C231268}.Debug|ARM64.Build.0 = Debug|Any CPU
					{303EDEF5-55CD-4EC1-B105-3A6A6C231268}.Debug|x64.ActiveCfg = Debug|Any CPU
					{303EDEF5-55CD-4EC1-B105-3A6A6C231268}.Debug|x64.Build.0 = Debug|Any CPU
					{303EDEF5-55CD-4EC1-B105-3A6A6C231268}.Debug|x86.ActiveCfg = Debug|Any CPU
					{303EDEF5-55CD-4EC1-B105-3A6A6C231268}.Debug|x86.Build.0 = Debug|Any CPU
					{303EDEF5-55CD-4EC1-B105-3A6A6C231268}.Release|Any CPU.ActiveCfg = Release|Any CPU
					{303EDEF5-55CD-4EC1-B105-3A6A6C231268}.Release|Any CPU.Build.0 = Release|Any CPU
					{303EDEF5-55CD-4EC1-B105-3A6A6C231268}.Release|ARM.ActiveCfg = Release|Any CPU
					{303EDEF5-55CD-4EC1-B105-3A6A6C231268}.Release|ARM.Build.0 = Release|Any CPU
					{303EDEF5-55CD-4EC1-B105-3A6A6C231268}.Release|ARM64.ActiveCfg = Release|Any CPU
					{303EDEF5-55CD-4EC1-B105-3A6A6C231268}.Release|ARM64.Build.0 = Release|Any CPU
					{303EDEF5-55CD-4EC1-B105-3A6A6C231268}.Release|x64.ActiveCfg = Release|Any CPU
					{303EDEF5-55CD-4EC1-B105-3A6A6C231268}.Release|x64.Build.0 = Release|Any CPU
					{303EDEF5-55CD-4EC1-B105-3A6A6C231268}.Release|x86.ActiveCfg = Release|Any CPU
					{303EDEF5-55CD-4EC1-B105-3A6A6C231268}.Release|x86.Build.0 = Release|Any CPU
					{3F9EBB55-02B7-4AF0-9B5E-D7F90D772BF4}.Debug|Any CPU.ActiveCfg = Debug|Any CPU
					{3F9EBB55-02B7-4AF0-9B5E-D7F90D772BF4}.Debug|Any CPU.Build.0 = Debug|Any CPU
					{3F9EBB55-02B7-4AF0-9B5E-D7F90D772BF4}.Debug|ARM.ActiveCfg = Debug|Any CPU
					{3F9EBB55-02B7-4AF0-9B5E-D7F90D772BF4}.Debug|ARM.Build.0 = Debug|Any CPU
					{3F9EBB55-02B7-4AF0-9B5E-D7F90D772BF4}.Debug|ARM64.ActiveCfg = Debug|Any CPU
					{3F9EBB55-02B7-4AF0-9B5E-D7F90D772BF4}.Debug|ARM64.Build.0 = Debug|Any CPU
					{3F9EBB55-02B7-4AF0-9B5E-D7F90D772BF4}.Debug|x64.ActiveCfg = Debug|Any CPU
					{3F9EBB55-02B7-4AF0-9B5E-D7F90D772BF4}.Debug|x64.Build.0 = Debug|Any CPU
					{3F9EBB55-02B7-4AF0-9B5E-D7F90D772BF4}.Debug|x86.ActiveCfg = Debug|Any CPU
					{3F9EBB55-02B7-4AF0-9B5E-D7F90D772BF4}.Debug|x86.Build.0 = Debug|Any CPU
					{3F9EBB55-02B7-4AF0-9B5E-D7F90D772BF4}.Release|Any CPU.ActiveCfg = Release|Any CPU
					{3F9EBB55-02B7-4AF0-9B5E-D7F90D772BF4}.Release|Any CPU.Build.0 = Release|Any CPU
					{3F9EBB55-02B7-4AF0-9B5E-D7F90D772BF4}.Release|ARM.ActiveCfg = Release|Any CPU
					{3F9EBB55-02B7-4AF0-9B5E-D7F90D772BF4}.Release|ARM.Build.0 = Release|Any CPU
					{3F9EBB55-02B7-4AF0-9B5E-D7F90D772BF4}.Release|ARM64.ActiveCfg = Release|Any CPU
					{3F9EBB55-02B7-4AF0-9B5E-D7F90D772BF4}.Release|ARM64.Build.0 = Release|Any CPU
					{3F9EBB55-02B7-4AF0-9B5E-D7F90D772BF4}.Release|x64.ActiveCfg = Release|Any CPU
					{3F9EBB55-02B7-4AF0-9B5E-D7F90D772BF4}.Release|x64.Build.0 = Release|Any CPU
					{3F9EBB55-02B7-4AF0-9B5E-D7F90D772BF4}.Release|x86.ActiveCfg = Release|Any CPU
					{3F9EBB55-02B7-4AF0-9B5E-D7F90D772BF4}.Release|x86.Build.0 = Release|Any CPU
					{7CF4A002-C6D2-4191-97DF-5328D0815D8F}.Debug|Any CPU.ActiveCfg = Debug|Any CPU
					{7CF4A002-C6D2-4191-97DF-5328D0815D8F}.Debug|Any CPU.Build.0 = Debug|Any CPU
					{7CF4A002-C6D2-4191-97DF-5328D0815D8F}.Debug|ARM.ActiveCfg = Debug|Any CPU
					{7CF4A002-C6D2-4191-97DF-5328D0815D8F}.Debug|ARM.Build.0 = Debug|Any CPU
					{7CF4A002-C6D2-4191-97DF-5328D0815D8F}.Debug|ARM64.ActiveCfg = Debug|Any CPU
					{7CF4A002-C6D2-4191-97DF-5328D0815D8F}.Debug|ARM64.Build.0 = Debug|Any CPU
					{7CF4A002-C6D2-4191-97DF-5328D0815D8F}.Debug|x64.ActiveCfg = Debug|Any CPU
					{7CF4A002-C6D2-4191-97DF-5328D0815D8F}.Debug|x64.Build.0 = Debug|Any CPU
					{7CF4A002-C6D2-4191-97DF-5328D0815D8F}.Debug|x86.ActiveCfg = Debug|Any CPU
					{7CF4A002-C6D2-4191-97DF-5328D0815D8F}.Debug|x86.Build.0 = Debug|Any CPU
					{7CF4A002-C6D2-4191-97DF-5328D0815D8F}.Release|Any CPU.ActiveCfg = Release|Any CPU
					{7CF4A002-C6D2-4191-97DF-5328D0815D8F}.Release|Any CPU.Build.0 = Release|Any CPU
					{7CF4A002-C6D2-4191-97DF-5328D0815D8F}.Release|ARM.ActiveCfg = Release|Any CPU
					{7CF4A002-C6D2-4191-97DF-5328D0815D8F}.Release|ARM.Build.0 = Release|Any CPU
					{7CF4A002-C6D2-4191-97DF-5328D0815D8F}.Release|ARM64.ActiveCfg = Release|Any CPU
					{7CF4A002-C6D2-4191-97DF-5328D0815D8F}.Release|ARM64.Build.0 = Release|Any CPU
					{7CF4A002-C6D2-4191-97DF-5328D0815D8F}.Release|x64.ActiveCfg = Release|Any CPU
					{7CF4A002-C6D2-4191-97DF-5328D0815D8F}.Release|x64.Build.0 = Release|Any CPU
					{7CF4A002-C6D2-4191-97DF-5328D0815D8F}.Release|x86.ActiveCfg = Release|Any CPU
					{7CF4A002-C6D2-4191-97DF-5328D0815D8F}.Release|x86.Build.0 = Release|Any CPU
					{2C4076BB-7ADF-4442-A563-1D51A45017FA}.Debug|Any CPU.ActiveCfg = Debug|Any CPU
					{2C4076BB-7ADF-4442-A563-1D51A45017FA}.Debug|Any CPU.Build.0 = Debug|Any CPU
					{2C4076BB-7ADF-4442-A563-1D51A45017FA}.Debug|ARM.ActiveCfg = Debug|Any CPU
					{2C4076BB-7ADF-4442-A563-1D51A45017FA}.Debug|ARM.Build.0 = Debug|Any CPU
					{2C4076BB-7ADF-4442-A563-1D51A45017FA}.Debug|ARM64.ActiveCfg = Debug|Any CPU
					{2C4076BB-7ADF-4442-A563-1D51A45017FA}.Debug|ARM64.Build.0 = Debug|Any CPU
					{2C4076BB-7ADF-4442-A563-1D51A45017FA}.Debug|x64.ActiveCfg = Debug|Any CPU
					{2C4076BB-7ADF-4442-A563-1D51A45017FA}.Debug|x64.Build.0 = Debug|Any CPU
					{2C4076BB-7ADF-4442-A563-1D51A45017FA}.Debug|x86.ActiveCfg = Debug|Any CPU
					{2C4076BB-7ADF-4442-A563-1D51A45017FA}.Debug|x86.Build.0 = Debug|Any CPU
					{2C4076BB-7ADF-4442-A563-1D51A45017FA}.Release|Any CPU.ActiveCfg = Release|Any CPU
					{2C4076BB-7ADF-4442-A563-1D51A45017FA}.Release|Any CPU.Build.0 = Release|Any CPU
					{2C4076BB-7ADF-4442-A563-1D51A45017FA}.Release|ARM.ActiveCfg = Release|Any CPU
					{2C4076BB-7ADF-4442-A563-1D51A45017FA}.Release|ARM.Build.0 = Release|Any CPU
					{2C4076BB-7ADF-4442-A563-1D51A45017FA}.Release|ARM64.ActiveCfg = Release|Any CPU
					{2C4076BB-7ADF-4442-A563-1D51A45017FA}.Release|ARM64.Build.0 = Release|Any CPU
					{2C4076BB-7ADF-4442-A563-1D51A45017FA}.Release|x64.ActiveCfg = Release|Any CPU
					{2C4076BB-7ADF-4442-A563-1D51A45017FA}.Release|x64.Build.0 = Release|Any CPU
					{2C4076BB-7ADF-4442-A563-1D51A45017FA}.Release|x86.ActiveCfg = Release|Any CPU
					{2C4076BB-7ADF-4442-A563-1D51A45017FA}.Release|x86.Build.0 = Release|Any CPU
				EndGlobalSection
				GlobalSection(SolutionProperties) = preSolution
								HideSolutionNode = FALSE
				EndGlobalSection
				GlobalSection(NestedProjects) = preSolution
								{E2FD9088-50E3-451F-BB66-D4C651A69134} = {B78FA97B-4FD8-4F39-A94C-8A41B16DE59B}
								{185F145E-275F-4D80-998B-66AEFCFEB205} = {E2FD9088-50E3-451F-BB66-D4C651A69134}
								{4133E16B-50F8-4C1A-8E45-F39DAE576942} = {185F145E-275F-4D80-998B-66AEFCFEB205}
								{36DF34CD-FB48-42B5-8EA2-EDE9F6434F26} = {185F145E-275F-4D80-998B-66AEFCFEB205}
								{FD363A17-D72D-4E3F-A2D6-801EBFAC1DE9} = {E2FD9088-50E3-451F-BB66-D4C651A69134}
								{4915AF49-D69C-4F77-AEFE-8C32E0955680} = {E2FD9088-50E3-451F-BB66-D4C651A69134}
								{6C3DF098-18EF-4FA1-BF90-2DC1809A5481} = {E2FD9088-50E3-451F-BB66-D4C651A69134}
								{437F2403-C7FB-47FF-A464-9EAFA444491F} = {6C3DF098-18EF-4FA1-BF90-2DC1809A5481}
								{8CAF6189-B130-4B4E-8368-DDA11C3E7877} = {6C3DF098-18EF-4FA1-BF90-2DC1809A5481}
								{A5CBA8CB-F6C6-485D-8DAB-0706547DCA6D} = {E2FD9088-50E3-451F-BB66-D4C651A69134}
								{745F60E5-10D7-405E-8F98-512CF41B5540} = {A5CBA8CB-F6C6-485D-8DAB-0706547DCA6D}
								{AF620FE3-6977-4068-AB9E-D8BEA23073D9} = {A5CBA8CB-F6C6-485D-8DAB-0706547DCA6D}
					{9867B927-E6F4-4835-A522-93CCA8CB2D60} = {B78FA97B-4FD8-4F39-A94C-8A41B16DE59B}
					{826BB405-D9D2-4358-90F0-D91A1B538A60} = {9867B927-E6F4-4835-A522-93CCA8CB2D60}
					{A28286DC-82C4-4432-94A2-35DB1B80EAF3} = {826BB405-D9D2-4358-90F0-D91A1B538A60}
					{0128CE84-A143-4AAD-B323-68E7E1845390} = {9867B927-E6F4-4835-A522-93CCA8CB2D60}
					{7D628EF9-D885-474F-8719-AFA69CA2F376} = {0128CE84-A143-4AAD-B323-68E7E1845390}
					{BCC13E1D-D4D6-4A30-AA99-944E2EF1D500} = {0128CE84-A143-4AAD-B323-68E7E1845390}
					{A5B07A8C-0D35-4775-8FA9-01300F146109} = {B78FA97B-4FD8-4F39-A94C-8A41B16DE59B}
					{303EDEF5-55CD-4EC1-B105-3A6A6C231268} = {A5B07A8C-0D35-4775-8FA9-01300F146109}
					{3F9EBB55-02B7-4AF0-9B5E-D7F90D772BF4} = {9867B927-E6F4-4835-A522-93CCA8CB2D60}
					{7CF4A002-C6D2-4191-97DF-5328D0815D8F} = {9867B927-E6F4-4835-A522-93CCA8CB2D60}
					{7B843824-E269-4DD4-8621-651E07F3B66D} = {9867B927-E6F4-4835-A522-93CCA8CB2D60}
					{2C4076BB-7ADF-4442-A563-1D51A45017FA} = {7B843824-E269-4DD4-8621-651E07F3B66D}
				EndGlobalSection
				GlobalSection(ExtensibilityGlobals) = postSolution
								SolutionGuid = {D696FB2D-65B2-44E2-929D-39F0173B1A24}
				EndGlobalSection
EndGlobal
