
Microsoft Visual Studio Solution File, Format Version 12.00
# Visual Studio Version 16
VisualStudioVersion = 16.0.29519.87
MinimumVisualStudioVersion = 10.0.40219.1
Project("{2150E333-8FDC-42A3-9474-1A3956D46DE8}") = "Desktop", "Desktop", "{54F8EABA-DD8A-4E0F-8AE9-871C972F6D93}"
EndProject
Project("{2150E333-8FDC-42A3-9474-1A3956D46DE8}") = "Common", "Common", "{58685B8D-A526-48EF-AE59-7F927585EEED}"
EndProject
Project("{9A19103F-16F7-4668-BE54-9A1E7A4F7556}") = "OneSim.Models", "OneSim.Models\OneSim.Models.csproj", "{65D1C1F5-D768-433C-894B-D43C87EEF655}"
EndProject
Project("{2150E333-8FDC-42A3-9474-1A3956D46DE8}") = "Identity", "Identity", "{39EE8D82-6EA6-4F7C-8890-00C1BE4E4647}"
EndProject
Project("{2150E333-8FDC-42A3-9474-1A3956D46DE8}") = "Core", "Core", "{F283B52E-2AF4-4B95-B6BD-DE57E4D9DB8D}"
EndProject
Project("{9A19103F-16F7-4668-BE54-9A1E7A4F7556}") = "OneSim.Identity.Domain", "OneSim.Identity.Domain\OneSim.Identity.Domain.csproj", "{8DE494D3-CD7D-4C08-AEBD-C949DF7C3BED}"
EndProject
Project("{9A19103F-16F7-4668-BE54-9A1E7A4F7556}") = "OneSim.Identity.Application", "OneSim.Identity.Application\OneSim.Identity.Application.csproj", "{E07E1EEF-E336-4951-9D93-15315D25E9E1}"
EndProject
Project("{9A19103F-16F7-4668-BE54-9A1E7A4F7556}") = "OneSim.Identity.Tests", "OneSim.Identity.Tests\OneSim.Identity.Tests.csproj", "{C1352FD2-0803-4610-94D3-D2391350B851}"
EndProject
Project("{2150E333-8FDC-42A3-9474-1A3956D46DE8}") = "Services", "Services", "{B78FA97B-4FD8-4F39-A94C-8A41B16DE59B}"
EndProject
Project("{2150E333-8FDC-42A3-9474-1A3956D46DE8}") = "API", "API", "{7B2C07C6-98F0-42D9-86CF-94BB9DD77F06}"
EndProject
Project("{9A19103F-16F7-4668-BE54-9A1E7A4F7556}") = "OneSim.Api.Identity", "OneSim.Api.Identity\OneSim.Api.Identity.csproj", "{212B15FC-AA79-467F-A98B-9F90D94CDABA}"
EndProject
Project("{9A19103F-16F7-4668-BE54-9A1E7A4F7556}") = "OneSim.Identity.Infrastructure", "OneSim.Identity.Infrastructure\OneSim.Identity.Infrastructure.csproj", "{BB612000-F80F-4245-BAAA-8C41980B3DEA}"
EndProject
Project("{9A19103F-16F7-4668-BE54-9A1E7A4F7556}") = "OneSim.Api.Data", "OneSim.Api.Data\OneSim.Api.Data.csproj", "{10F7726B-8FF5-4B60-9233-DBA298034D00}"
EndProject
Project("{9A19103F-16F7-4668-BE54-9A1E7A4F7556}") = "OneSim.Wpf", "OneSim.Wpf\OneSim.Wpf.csproj", "{7AB6019C-8A9D-41E0-A3E6-3ED10784BAE2}"
EndProject
Project("{2150E333-8FDC-42A3-9474-1A3956D46DE8}") = "Web", "Web", "{89EA33C7-95E8-4F88-81CA-4BAB2CE5E268}"
EndProject
Project("{FAE04EC0-301F-11D3-BF4B-00C04F79EFBC}") = "OneSim.Web", "OneSim.Web\OneSim.Web.csproj", "{FDFE78E0-D933-4AAA-803C-2C014FC878BA}"
EndProject
Project("{2150E333-8FDC-42A3-9474-1A3956D46DE8}") = "Map", "Map", "{E2FD9088-50E3-451F-BB66-D4C651A69134}"
EndProject
Project("{2150E333-8FDC-42A3-9474-1A3956D46DE8}") = "Core", "Core", "{185F145E-275F-4D80-998B-66AEFCFEB205}"
EndProject
Project("{FAE04EC0-301F-11D3-BF4B-00C04F79EFBC}") = "OneSim.Map.Domain", "OneSim.Map.Domain\OneSim.Map.Domain.csproj", "{4133E16B-50F8-4C1A-8E45-F39DAE576942}"
EndProject
Project("{FAE04EC0-301F-11D3-BF4B-00C04F79EFBC}") = "OneSim.Map.Tests", "OneSim.Map.Tests\OneSim.Map.Tests.csproj", "{745F60E5-10D7-405E-8F98-512CF41B5540}"
EndProject
Project("{FAE04EC0-301F-11D3-BF4B-00C04F79EFBC}") = "OneSim.Map.Application", "OneSim.Map.Application\OneSim.Map.Application.csproj", "{36DF34CD-FB48-42B5-8EA2-EDE9F6434F26}"
EndProject
Project("{FAE04EC0-301F-11D3-BF4B-00C04F79EFBC}") = "OneSim.Map.Infrastructure", "OneSim.Map.Infrastructure\OneSim.Map.Infrastructure.csproj", "{FD363A17-D72D-4E3F-A2D6-801EBFAC1DE9}"
EndProject
Global
	GlobalSection(SolutionConfigurationPlatforms) = preSolution
		Debug|Any CPU = Debug|Any CPU
		Debug|ARM = Debug|ARM
		Debug|ARM64 = Debug|ARM64
		Debug|x64 = Debug|x64
		Debug|x86 = Debug|x86
		Release|Any CPU = Release|Any CPU
		Release|ARM = Release|ARM
		Release|ARM64 = Release|ARM64
		Release|x64 = Release|x64
		Release|x86 = Release|x86
	EndGlobalSection
	GlobalSection(ProjectConfigurationPlatforms) = postSolution
		{65D1C1F5-D768-433C-894B-D43C87EEF655}.Debug|Any CPU.ActiveCfg = Debug|Any CPU
		{65D1C1F5-D768-433C-894B-D43C87EEF655}.Debug|Any CPU.Build.0 = Debug|Any CPU
		{65D1C1F5-D768-433C-894B-D43C87EEF655}.Debug|ARM.ActiveCfg = Debug|Any CPU
		{65D1C1F5-D768-433C-894B-D43C87EEF655}.Debug|ARM.Build.0 = Debug|Any CPU
		{65D1C1F5-D768-433C-894B-D43C87EEF655}.Debug|ARM64.ActiveCfg = Debug|Any CPU
		{65D1C1F5-D768-433C-894B-D43C87EEF655}.Debug|ARM64.Build.0 = Debug|Any CPU
		{65D1C1F5-D768-433C-894B-D43C87EEF655}.Debug|x64.ActiveCfg = Debug|Any CPU
		{65D1C1F5-D768-433C-894B-D43C87EEF655}.Debug|x64.Build.0 = Debug|Any CPU
		{65D1C1F5-D768-433C-894B-D43C87EEF655}.Debug|x86.ActiveCfg = Debug|Any CPU
		{65D1C1F5-D768-433C-894B-D43C87EEF655}.Debug|x86.Build.0 = Debug|Any CPU
		{65D1C1F5-D768-433C-894B-D43C87EEF655}.Release|Any CPU.ActiveCfg = Release|Any CPU
		{65D1C1F5-D768-433C-894B-D43C87EEF655}.Release|Any CPU.Build.0 = Release|Any CPU
		{65D1C1F5-D768-433C-894B-D43C87EEF655}.Release|ARM.ActiveCfg = Release|Any CPU
		{65D1C1F5-D768-433C-894B-D43C87EEF655}.Release|ARM.Build.0 = Release|Any CPU
		{65D1C1F5-D768-433C-894B-D43C87EEF655}.Release|ARM64.ActiveCfg = Release|Any CPU
		{65D1C1F5-D768-433C-894B-D43C87EEF655}.Release|ARM64.Build.0 = Release|Any CPU
		{65D1C1F5-D768-433C-894B-D43C87EEF655}.Release|x64.ActiveCfg = Release|Any CPU
		{65D1C1F5-D768-433C-894B-D43C87EEF655}.Release|x64.Build.0 = Release|Any CPU
		{65D1C1F5-D768-433C-894B-D43C87EEF655}.Release|x86.ActiveCfg = Release|Any CPU
		{65D1C1F5-D768-433C-894B-D43C87EEF655}.Release|x86.Build.0 = Release|Any CPU
		{8DE494D3-CD7D-4C08-AEBD-C949DF7C3BED}.Debug|Any CPU.ActiveCfg = Debug|Any CPU
		{8DE494D3-CD7D-4C08-AEBD-C949DF7C3BED}.Debug|Any CPU.Build.0 = Debug|Any CPU
		{8DE494D3-CD7D-4C08-AEBD-C949DF7C3BED}.Debug|ARM.ActiveCfg = Debug|Any CPU
		{8DE494D3-CD7D-4C08-AEBD-C949DF7C3BED}.Debug|ARM.Build.0 = Debug|Any CPU
		{8DE494D3-CD7D-4C08-AEBD-C949DF7C3BED}.Debug|ARM64.ActiveCfg = Debug|Any CPU
		{8DE494D3-CD7D-4C08-AEBD-C949DF7C3BED}.Debug|ARM64.Build.0 = Debug|Any CPU
		{8DE494D3-CD7D-4C08-AEBD-C949DF7C3BED}.Debug|x64.ActiveCfg = Debug|Any CPU
		{8DE494D3-CD7D-4C08-AEBD-C949DF7C3BED}.Debug|x64.Build.0 = Debug|Any CPU
		{8DE494D3-CD7D-4C08-AEBD-C949DF7C3BED}.Debug|x86.ActiveCfg = Debug|Any CPU
		{8DE494D3-CD7D-4C08-AEBD-C949DF7C3BED}.Debug|x86.Build.0 = Debug|Any CPU
		{8DE494D3-CD7D-4C08-AEBD-C949DF7C3BED}.Release|Any CPU.ActiveCfg = Release|Any CPU
		{8DE494D3-CD7D-4C08-AEBD-C949DF7C3BED}.Release|Any CPU.Build.0 = Release|Any CPU
		{8DE494D3-CD7D-4C08-AEBD-C949DF7C3BED}.Release|ARM.ActiveCfg = Release|Any CPU
		{8DE494D3-CD7D-4C08-AEBD-C949DF7C3BED}.Release|ARM.Build.0 = Release|Any CPU
		{8DE494D3-CD7D-4C08-AEBD-C949DF7C3BED}.Release|ARM64.ActiveCfg = Release|Any CPU
		{8DE494D3-CD7D-4C08-AEBD-C949DF7C3BED}.Release|ARM64.Build.0 = Release|Any CPU
		{8DE494D3-CD7D-4C08-AEBD-C949DF7C3BED}.Release|x64.ActiveCfg = Release|Any CPU
		{8DE494D3-CD7D-4C08-AEBD-C949DF7C3BED}.Release|x64.Build.0 = Release|Any CPU
		{8DE494D3-CD7D-4C08-AEBD-C949DF7C3BED}.Release|x86.ActiveCfg = Release|Any CPU
		{8DE494D3-CD7D-4C08-AEBD-C949DF7C3BED}.Release|x86.Build.0 = Release|Any CPU
		{E07E1EEF-E336-4951-9D93-15315D25E9E1}.Debug|Any CPU.ActiveCfg = Debug|Any CPU
		{E07E1EEF-E336-4951-9D93-15315D25E9E1}.Debug|Any CPU.Build.0 = Debug|Any CPU
		{E07E1EEF-E336-4951-9D93-15315D25E9E1}.Debug|ARM.ActiveCfg = Debug|Any CPU
		{E07E1EEF-E336-4951-9D93-15315D25E9E1}.Debug|ARM.Build.0 = Debug|Any CPU
		{E07E1EEF-E336-4951-9D93-15315D25E9E1}.Debug|ARM64.ActiveCfg = Debug|Any CPU
		{E07E1EEF-E336-4951-9D93-15315D25E9E1}.Debug|ARM64.Build.0 = Debug|Any CPU
		{E07E1EEF-E336-4951-9D93-15315D25E9E1}.Debug|x64.ActiveCfg = Debug|Any CPU
		{E07E1EEF-E336-4951-9D93-15315D25E9E1}.Debug|x64.Build.0 = Debug|Any CPU
		{E07E1EEF-E336-4951-9D93-15315D25E9E1}.Debug|x86.ActiveCfg = Debug|Any CPU
		{E07E1EEF-E336-4951-9D93-15315D25E9E1}.Debug|x86.Build.0 = Debug|Any CPU
		{E07E1EEF-E336-4951-9D93-15315D25E9E1}.Release|Any CPU.ActiveCfg = Release|Any CPU
		{E07E1EEF-E336-4951-9D93-15315D25E9E1}.Release|Any CPU.Build.0 = Release|Any CPU
		{E07E1EEF-E336-4951-9D93-15315D25E9E1}.Release|ARM.ActiveCfg = Release|Any CPU
		{E07E1EEF-E336-4951-9D93-15315D25E9E1}.Release|ARM.Build.0 = Release|Any CPU
		{E07E1EEF-E336-4951-9D93-15315D25E9E1}.Release|ARM64.ActiveCfg = Release|Any CPU
		{E07E1EEF-E336-4951-9D93-15315D25E9E1}.Release|ARM64.Build.0 = Release|Any CPU
		{E07E1EEF-E336-4951-9D93-15315D25E9E1}.Release|x64.ActiveCfg = Release|Any CPU
		{E07E1EEF-E336-4951-9D93-15315D25E9E1}.Release|x64.Build.0 = Release|Any CPU
		{E07E1EEF-E336-4951-9D93-15315D25E9E1}.Release|x86.ActiveCfg = Release|Any CPU
		{E07E1EEF-E336-4951-9D93-15315D25E9E1}.Release|x86.Build.0 = Release|Any CPU
		{C1352FD2-0803-4610-94D3-D2391350B851}.Debug|Any CPU.ActiveCfg = Debug|Any CPU
		{C1352FD2-0803-4610-94D3-D2391350B851}.Debug|Any CPU.Build.0 = Debug|Any CPU
		{C1352FD2-0803-4610-94D3-D2391350B851}.Debug|ARM.ActiveCfg = Debug|Any CPU
		{C1352FD2-0803-4610-94D3-D2391350B851}.Debug|ARM.Build.0 = Debug|Any CPU
		{C1352FD2-0803-4610-94D3-D2391350B851}.Debug|ARM64.ActiveCfg = Debug|Any CPU
		{C1352FD2-0803-4610-94D3-D2391350B851}.Debug|ARM64.Build.0 = Debug|Any CPU
		{C1352FD2-0803-4610-94D3-D2391350B851}.Debug|x64.ActiveCfg = Debug|Any CPU
		{C1352FD2-0803-4610-94D3-D2391350B851}.Debug|x64.Build.0 = Debug|Any CPU
		{C1352FD2-0803-4610-94D3-D2391350B851}.Debug|x86.ActiveCfg = Debug|Any CPU
		{C1352FD2-0803-4610-94D3-D2391350B851}.Debug|x86.Build.0 = Debug|Any CPU
		{C1352FD2-0803-4610-94D3-D2391350B851}.Release|Any CPU.ActiveCfg = Release|Any CPU
		{C1352FD2-0803-4610-94D3-D2391350B851}.Release|Any CPU.Build.0 = Release|Any CPU
		{C1352FD2-0803-4610-94D3-D2391350B851}.Release|ARM.ActiveCfg = Release|Any CPU
		{C1352FD2-0803-4610-94D3-D2391350B851}.Release|ARM.Build.0 = Release|Any CPU
		{C1352FD2-0803-4610-94D3-D2391350B851}.Release|ARM64.ActiveCfg = Release|Any CPU
		{C1352FD2-0803-4610-94D3-D2391350B851}.Release|ARM64.Build.0 = Release|Any CPU
		{C1352FD2-0803-4610-94D3-D2391350B851}.Release|x64.ActiveCfg = Release|Any CPU
		{C1352FD2-0803-4610-94D3-D2391350B851}.Release|x64.Build.0 = Release|Any CPU
		{C1352FD2-0803-4610-94D3-D2391350B851}.Release|x86.ActiveCfg = Release|Any CPU
		{C1352FD2-0803-4610-94D3-D2391350B851}.Release|x86.Build.0 = Release|Any CPU
		{212B15FC-AA79-467F-A98B-9F90D94CDABA}.Debug|Any CPU.ActiveCfg = Debug|Any CPU
		{212B15FC-AA79-467F-A98B-9F90D94CDABA}.Debug|Any CPU.Build.0 = Debug|Any CPU
		{212B15FC-AA79-467F-A98B-9F90D94CDABA}.Debug|ARM.ActiveCfg = Debug|Any CPU
		{212B15FC-AA79-467F-A98B-9F90D94CDABA}.Debug|ARM.Build.0 = Debug|Any CPU
		{212B15FC-AA79-467F-A98B-9F90D94CDABA}.Debug|ARM64.ActiveCfg = Debug|Any CPU
		{212B15FC-AA79-467F-A98B-9F90D94CDABA}.Debug|ARM64.Build.0 = Debug|Any CPU
		{212B15FC-AA79-467F-A98B-9F90D94CDABA}.Debug|x64.ActiveCfg = Debug|Any CPU
		{212B15FC-AA79-467F-A98B-9F90D94CDABA}.Debug|x64.Build.0 = Debug|Any CPU
		{212B15FC-AA79-467F-A98B-9F90D94CDABA}.Debug|x86.ActiveCfg = Debug|Any CPU
		{212B15FC-AA79-467F-A98B-9F90D94CDABA}.Debug|x86.Build.0 = Debug|Any CPU
		{212B15FC-AA79-467F-A98B-9F90D94CDABA}.Release|Any CPU.ActiveCfg = Release|Any CPU
		{212B15FC-AA79-467F-A98B-9F90D94CDABA}.Release|Any CPU.Build.0 = Release|Any CPU
		{212B15FC-AA79-467F-A98B-9F90D94CDABA}.Release|ARM.ActiveCfg = Release|Any CPU
		{212B15FC-AA79-467F-A98B-9F90D94CDABA}.Release|ARM.Build.0 = Release|Any CPU
		{212B15FC-AA79-467F-A98B-9F90D94CDABA}.Release|ARM64.ActiveCfg = Release|Any CPU
		{212B15FC-AA79-467F-A98B-9F90D94CDABA}.Release|ARM64.Build.0 = Release|Any CPU
		{212B15FC-AA79-467F-A98B-9F90D94CDABA}.Release|x64.ActiveCfg = Release|Any CPU
		{212B15FC-AA79-467F-A98B-9F90D94CDABA}.Release|x64.Build.0 = Release|Any CPU
		{212B15FC-AA79-467F-A98B-9F90D94CDABA}.Release|x86.ActiveCfg = Release|Any CPU
		{212B15FC-AA79-467F-A98B-9F90D94CDABA}.Release|x86.Build.0 = Release|Any CPU
		{BB612000-F80F-4245-BAAA-8C41980B3DEA}.Debug|Any CPU.ActiveCfg = Debug|Any CPU
		{BB612000-F80F-4245-BAAA-8C41980B3DEA}.Debug|Any CPU.Build.0 = Debug|Any CPU
		{BB612000-F80F-4245-BAAA-8C41980B3DEA}.Debug|ARM.ActiveCfg = Debug|Any CPU
		{BB612000-F80F-4245-BAAA-8C41980B3DEA}.Debug|ARM.Build.0 = Debug|Any CPU
		{BB612000-F80F-4245-BAAA-8C41980B3DEA}.Debug|ARM64.ActiveCfg = Debug|Any CPU
		{BB612000-F80F-4245-BAAA-8C41980B3DEA}.Debug|ARM64.Build.0 = Debug|Any CPU
		{BB612000-F80F-4245-BAAA-8C41980B3DEA}.Debug|x64.ActiveCfg = Debug|Any CPU
		{BB612000-F80F-4245-BAAA-8C41980B3DEA}.Debug|x64.Build.0 = Debug|Any CPU
		{BB612000-F80F-4245-BAAA-8C41980B3DEA}.Debug|x86.ActiveCfg = Debug|Any CPU
		{BB612000-F80F-4245-BAAA-8C41980B3DEA}.Debug|x86.Build.0 = Debug|Any CPU
		{BB612000-F80F-4245-BAAA-8C41980B3DEA}.Release|Any CPU.ActiveCfg = Release|Any CPU
		{BB612000-F80F-4245-BAAA-8C41980B3DEA}.Release|Any CPU.Build.0 = Release|Any CPU
		{BB612000-F80F-4245-BAAA-8C41980B3DEA}.Release|ARM.ActiveCfg = Release|Any CPU
		{BB612000-F80F-4245-BAAA-8C41980B3DEA}.Release|ARM.Build.0 = Release|Any CPU
		{BB612000-F80F-4245-BAAA-8C41980B3DEA}.Release|ARM64.ActiveCfg = Release|Any CPU
		{BB612000-F80F-4245-BAAA-8C41980B3DEA}.Release|ARM64.Build.0 = Release|Any CPU
		{BB612000-F80F-4245-BAAA-8C41980B3DEA}.Release|x64.ActiveCfg = Release|Any CPU
		{BB612000-F80F-4245-BAAA-8C41980B3DEA}.Release|x64.Build.0 = Release|Any CPU
		{BB612000-F80F-4245-BAAA-8C41980B3DEA}.Release|x86.ActiveCfg = Release|Any CPU
		{BB612000-F80F-4245-BAAA-8C41980B3DEA}.Release|x86.Build.0 = Release|Any CPU
		{10F7726B-8FF5-4B60-9233-DBA298034D00}.Debug|Any CPU.ActiveCfg = Debug|Any CPU
		{10F7726B-8FF5-4B60-9233-DBA298034D00}.Debug|Any CPU.Build.0 = Debug|Any CPU
		{10F7726B-8FF5-4B60-9233-DBA298034D00}.Debug|ARM.ActiveCfg = Debug|Any CPU
		{10F7726B-8FF5-4B60-9233-DBA298034D00}.Debug|ARM.Build.0 = Debug|Any CPU
		{10F7726B-8FF5-4B60-9233-DBA298034D00}.Debug|ARM64.ActiveCfg = Debug|Any CPU
		{10F7726B-8FF5-4B60-9233-DBA298034D00}.Debug|ARM64.Build.0 = Debug|Any CPU
		{10F7726B-8FF5-4B60-9233-DBA298034D00}.Debug|x64.ActiveCfg = Debug|Any CPU
		{10F7726B-8FF5-4B60-9233-DBA298034D00}.Debug|x64.Build.0 = Debug|Any CPU
		{10F7726B-8FF5-4B60-9233-DBA298034D00}.Debug|x86.ActiveCfg = Debug|Any CPU
		{10F7726B-8FF5-4B60-9233-DBA298034D00}.Debug|x86.Build.0 = Debug|Any CPU
		{10F7726B-8FF5-4B60-9233-DBA298034D00}.Release|Any CPU.ActiveCfg = Release|Any CPU
		{10F7726B-8FF5-4B60-9233-DBA298034D00}.Release|Any CPU.Build.0 = Release|Any CPU
		{10F7726B-8FF5-4B60-9233-DBA298034D00}.Release|ARM.ActiveCfg = Release|Any CPU
		{10F7726B-8FF5-4B60-9233-DBA298034D00}.Release|ARM.Build.0 = Release|Any CPU
		{10F7726B-8FF5-4B60-9233-DBA298034D00}.Release|ARM64.ActiveCfg = Release|Any CPU
		{10F7726B-8FF5-4B60-9233-DBA298034D00}.Release|ARM64.Build.0 = Release|Any CPU
		{10F7726B-8FF5-4B60-9233-DBA298034D00}.Release|x64.ActiveCfg = Release|Any CPU
		{10F7726B-8FF5-4B60-9233-DBA298034D00}.Release|x64.Build.0 = Release|Any CPU
		{10F7726B-8FF5-4B60-9233-DBA298034D00}.Release|x86.ActiveCfg = Release|Any CPU
		{10F7726B-8FF5-4B60-9233-DBA298034D00}.Release|x86.Build.0 = Release|Any CPU
		{7AB6019C-8A9D-41E0-A3E6-3ED10784BAE2}.Debug|Any CPU.ActiveCfg = Debug|Any CPU
		{7AB6019C-8A9D-41E0-A3E6-3ED10784BAE2}.Debug|Any CPU.Build.0 = Debug|Any CPU
		{7AB6019C-8A9D-41E0-A3E6-3ED10784BAE2}.Debug|ARM.ActiveCfg = Debug|Any CPU
		{7AB6019C-8A9D-41E0-A3E6-3ED10784BAE2}.Debug|ARM.Build.0 = Debug|Any CPU
		{7AB6019C-8A9D-41E0-A3E6-3ED10784BAE2}.Debug|ARM64.ActiveCfg = Debug|Any CPU
		{7AB6019C-8A9D-41E0-A3E6-3ED10784BAE2}.Debug|ARM64.Build.0 = Debug|Any CPU
		{7AB6019C-8A9D-41E0-A3E6-3ED10784BAE2}.Debug|x64.ActiveCfg = Debug|Any CPU
		{7AB6019C-8A9D-41E0-A3E6-3ED10784BAE2}.Debug|x64.Build.0 = Debug|Any CPU
		{7AB6019C-8A9D-41E0-A3E6-3ED10784BAE2}.Debug|x86.ActiveCfg = Debug|Any CPU
		{7AB6019C-8A9D-41E0-A3E6-3ED10784BAE2}.Debug|x86.Build.0 = Debug|Any CPU
		{7AB6019C-8A9D-41E0-A3E6-3ED10784BAE2}.Release|Any CPU.ActiveCfg = Release|Any CPU
		{7AB6019C-8A9D-41E0-A3E6-3ED10784BAE2}.Release|Any CPU.Build.0 = Release|Any CPU
		{7AB6019C-8A9D-41E0-A3E6-3ED10784BAE2}.Release|ARM.ActiveCfg = Release|Any CPU
		{7AB6019C-8A9D-41E0-A3E6-3ED10784BAE2}.Release|ARM.Build.0 = Release|Any CPU
		{7AB6019C-8A9D-41E0-A3E6-3ED10784BAE2}.Release|ARM64.ActiveCfg = Release|Any CPU
		{7AB6019C-8A9D-41E0-A3E6-3ED10784BAE2}.Release|ARM64.Build.0 = Release|Any CPU
		{7AB6019C-8A9D-41E0-A3E6-3ED10784BAE2}.Release|x64.ActiveCfg = Release|Any CPU
		{7AB6019C-8A9D-41E0-A3E6-3ED10784BAE2}.Release|x64.Build.0 = Release|Any CPU
		{7AB6019C-8A9D-41E0-A3E6-3ED10784BAE2}.Release|x86.ActiveCfg = Release|Any CPU
		{7AB6019C-8A9D-41E0-A3E6-3ED10784BAE2}.Release|x86.Build.0 = Release|Any CPU
		{FDFE78E0-D933-4AAA-803C-2C014FC878BA}.Debug|Any CPU.ActiveCfg = Debug|Any CPU
		{FDFE78E0-D933-4AAA-803C-2C014FC878BA}.Debug|Any CPU.Build.0 = Debug|Any CPU
		{FDFE78E0-D933-4AAA-803C-2C014FC878BA}.Debug|ARM.ActiveCfg = Debug|Any CPU
		{FDFE78E0-D933-4AAA-803C-2C014FC878BA}.Debug|ARM.Build.0 = Debug|Any CPU
		{FDFE78E0-D933-4AAA-803C-2C014FC878BA}.Debug|ARM64.ActiveCfg = Debug|Any CPU
		{FDFE78E0-D933-4AAA-803C-2C014FC878BA}.Debug|ARM64.Build.0 = Debug|Any CPU
		{FDFE78E0-D933-4AAA-803C-2C014FC878BA}.Debug|x64.ActiveCfg = Debug|Any CPU
		{FDFE78E0-D933-4AAA-803C-2C014FC878BA}.Debug|x64.Build.0 = Debug|Any CPU
		{FDFE78E0-D933-4AAA-803C-2C014FC878BA}.Debug|x86.ActiveCfg = Debug|Any CPU
		{FDFE78E0-D933-4AAA-803C-2C014FC878BA}.Debug|x86.Build.0 = Debug|Any CPU
		{FDFE78E0-D933-4AAA-803C-2C014FC878BA}.Release|Any CPU.ActiveCfg = Release|Any CPU
		{FDFE78E0-D933-4AAA-803C-2C014FC878BA}.Release|Any CPU.Build.0 = Release|Any CPU
		{FDFE78E0-D933-4AAA-803C-2C014FC878BA}.Release|ARM.ActiveCfg = Release|Any CPU
		{FDFE78E0-D933-4AAA-803C-2C014FC878BA}.Release|ARM.Build.0 = Release|Any CPU
		{FDFE78E0-D933-4AAA-803C-2C014FC878BA}.Release|ARM64.ActiveCfg = Release|Any CPU
		{FDFE78E0-D933-4AAA-803C-2C014FC878BA}.Release|ARM64.Build.0 = Release|Any CPU
		{FDFE78E0-D933-4AAA-803C-2C014FC878BA}.Release|x64.ActiveCfg = Release|Any CPU
		{FDFE78E0-D933-4AAA-803C-2C014FC878BA}.Release|x64.Build.0 = Release|Any CPU
		{FDFE78E0-D933-4AAA-803C-2C014FC878BA}.Release|x86.ActiveCfg = Release|Any CPU
		{FDFE78E0-D933-4AAA-803C-2C014FC878BA}.Release|x86.Build.0 = Release|Any CPU
		{4133E16B-50F8-4C1A-8E45-F39DAE576942}.Debug|Any CPU.ActiveCfg = Debug|Any CPU
		{4133E16B-50F8-4C1A-8E45-F39DAE576942}.Debug|Any CPU.Build.0 = Debug|Any CPU
		{4133E16B-50F8-4C1A-8E45-F39DAE576942}.Debug|ARM.ActiveCfg = Debug|Any CPU
		{4133E16B-50F8-4C1A-8E45-F39DAE576942}.Debug|ARM.Build.0 = Debug|Any CPU
		{4133E16B-50F8-4C1A-8E45-F39DAE576942}.Debug|ARM64.ActiveCfg = Debug|Any CPU
		{4133E16B-50F8-4C1A-8E45-F39DAE576942}.Debug|ARM64.Build.0 = Debug|Any CPU
		{4133E16B-50F8-4C1A-8E45-F39DAE576942}.Debug|x64.ActiveCfg = Debug|Any CPU
		{4133E16B-50F8-4C1A-8E45-F39DAE576942}.Debug|x64.Build.0 = Debug|Any CPU
		{4133E16B-50F8-4C1A-8E45-F39DAE576942}.Debug|x86.ActiveCfg = Debug|Any CPU
		{4133E16B-50F8-4C1A-8E45-F39DAE576942}.Debug|x86.Build.0 = Debug|Any CPU
		{4133E16B-50F8-4C1A-8E45-F39DAE576942}.Release|Any CPU.ActiveCfg = Release|Any CPU
		{4133E16B-50F8-4C1A-8E45-F39DAE576942}.Release|Any CPU.Build.0 = Release|Any CPU
		{4133E16B-50F8-4C1A-8E45-F39DAE576942}.Release|ARM.ActiveCfg = Release|Any CPU
		{4133E16B-50F8-4C1A-8E45-F39DAE576942}.Release|ARM.Build.0 = Release|Any CPU
		{4133E16B-50F8-4C1A-8E45-F39DAE576942}.Release|ARM64.ActiveCfg = Release|Any CPU
		{4133E16B-50F8-4C1A-8E45-F39DAE576942}.Release|ARM64.Build.0 = Release|Any CPU
		{4133E16B-50F8-4C1A-8E45-F39DAE576942}.Release|x64.ActiveCfg = Release|Any CPU
		{4133E16B-50F8-4C1A-8E45-F39DAE576942}.Release|x64.Build.0 = Release|Any CPU
		{4133E16B-50F8-4C1A-8E45-F39DAE576942}.Release|x86.ActiveCfg = Release|Any CPU
		{4133E16B-50F8-4C1A-8E45-F39DAE576942}.Release|x86.Build.0 = Release|Any CPU
		{745F60E5-10D7-405E-8F98-512CF41B5540}.Debug|Any CPU.ActiveCfg = Debug|Any CPU
		{745F60E5-10D7-405E-8F98-512CF41B5540}.Debug|Any CPU.Build.0 = Debug|Any CPU
		{745F60E5-10D7-405E-8F98-512CF41B5540}.Debug|ARM.ActiveCfg = Debug|Any CPU
		{745F60E5-10D7-405E-8F98-512CF41B5540}.Debug|ARM.Build.0 = Debug|Any CPU
		{745F60E5-10D7-405E-8F98-512CF41B5540}.Debug|ARM64.ActiveCfg = Debug|Any CPU
		{745F60E5-10D7-405E-8F98-512CF41B5540}.Debug|ARM64.Build.0 = Debug|Any CPU
		{745F60E5-10D7-405E-8F98-512CF41B5540}.Debug|x64.ActiveCfg = Debug|Any CPU
		{745F60E5-10D7-405E-8F98-512CF41B5540}.Debug|x64.Build.0 = Debug|Any CPU
		{745F60E5-10D7-405E-8F98-512CF41B5540}.Debug|x86.ActiveCfg = Debug|Any CPU
		{745F60E5-10D7-405E-8F98-512CF41B5540}.Debug|x86.Build.0 = Debug|Any CPU
		{745F60E5-10D7-405E-8F98-512CF41B5540}.Release|Any CPU.ActiveCfg = Release|Any CPU
		{745F60E5-10D7-405E-8F98-512CF41B5540}.Release|Any CPU.Build.0 = Release|Any CPU
		{745F60E5-10D7-405E-8F98-512CF41B5540}.Release|ARM.ActiveCfg = Release|Any CPU
		{745F60E5-10D7-405E-8F98-512CF41B5540}.Release|ARM.Build.0 = Release|Any CPU
		{745F60E5-10D7-405E-8F98-512CF41B5540}.Release|ARM64.ActiveCfg = Release|Any CPU
		{745F60E5-10D7-405E-8F98-512CF41B5540}.Release|ARM64.Build.0 = Release|Any CPU
		{745F60E5-10D7-405E-8F98-512CF41B5540}.Release|x64.ActiveCfg = Release|Any CPU
		{745F60E5-10D7-405E-8F98-512CF41B5540}.Release|x64.Build.0 = Release|Any CPU
		{745F60E5-10D7-405E-8F98-512CF41B5540}.Release|x86.ActiveCfg = Release|Any CPU
		{745F60E5-10D7-405E-8F98-512CF41B5540}.Release|x86.Build.0 = Release|Any CPU
		{36DF34CD-FB48-42B5-8EA2-EDE9F6434F26}.Debug|Any CPU.ActiveCfg = Debug|Any CPU
		{36DF34CD-FB48-42B5-8EA2-EDE9F6434F26}.Debug|Any CPU.Build.0 = Debug|Any CPU
		{36DF34CD-FB48-42B5-8EA2-EDE9F6434F26}.Debug|ARM.ActiveCfg = Debug|Any CPU
		{36DF34CD-FB48-42B5-8EA2-EDE9F6434F26}.Debug|ARM.Build.0 = Debug|Any CPU
		{36DF34CD-FB48-42B5-8EA2-EDE9F6434F26}.Debug|ARM64.ActiveCfg = Debug|Any CPU
		{36DF34CD-FB48-42B5-8EA2-EDE9F6434F26}.Debug|ARM64.Build.0 = Debug|Any CPU
		{36DF34CD-FB48-42B5-8EA2-EDE9F6434F26}.Debug|x64.ActiveCfg = Debug|Any CPU
		{36DF34CD-FB48-42B5-8EA2-EDE9F6434F26}.Debug|x64.Build.0 = Debug|Any CPU
		{36DF34CD-FB48-42B5-8EA2-EDE9F6434F26}.Debug|x86.ActiveCfg = Debug|Any CPU
		{36DF34CD-FB48-42B5-8EA2-EDE9F6434F26}.Debug|x86.Build.0 = Debug|Any CPU
		{36DF34CD-FB48-42B5-8EA2-EDE9F6434F26}.Release|Any CPU.ActiveCfg = Release|Any CPU
		{36DF34CD-FB48-42B5-8EA2-EDE9F6434F26}.Release|Any CPU.Build.0 = Release|Any CPU
		{36DF34CD-FB48-42B5-8EA2-EDE9F6434F26}.Release|ARM.ActiveCfg = Release|Any CPU
		{36DF34CD-FB48-42B5-8EA2-EDE9F6434F26}.Release|ARM.Build.0 = Release|Any CPU
		{36DF34CD-FB48-42B5-8EA2-EDE9F6434F26}.Release|ARM64.ActiveCfg = Release|Any CPU
		{36DF34CD-FB48-42B5-8EA2-EDE9F6434F26}.Release|ARM64.Build.0 = Release|Any CPU
		{36DF34CD-FB48-42B5-8EA2-EDE9F6434F26}.Release|x64.ActiveCfg = Release|Any CPU
		{36DF34CD-FB48-42B5-8EA2-EDE9F6434F26}.Release|x64.Build.0 = Release|Any CPU
		{36DF34CD-FB48-42B5-8EA2-EDE9F6434F26}.Release|x86.ActiveCfg = Release|Any CPU
		{36DF34CD-FB48-42B5-8EA2-EDE9F6434F26}.Release|x86.Build.0 = Release|Any CPU
		{FD363A17-D72D-4E3F-A2D6-801EBFAC1DE9}.Debug|Any CPU.ActiveCfg = Debug|Any CPU
		{FD363A17-D72D-4E3F-A2D6-801EBFAC1DE9}.Debug|Any CPU.Build.0 = Debug|Any CPU
		{FD363A17-D72D-4E3F-A2D6-801EBFAC1DE9}.Debug|ARM.ActiveCfg = Debug|Any CPU
		{FD363A17-D72D-4E3F-A2D6-801EBFAC1DE9}.Debug|ARM.Build.0 = Debug|Any CPU
		{FD363A17-D72D-4E3F-A2D6-801EBFAC1DE9}.Debug|ARM64.ActiveCfg = Debug|Any CPU
		{FD363A17-D72D-4E3F-A2D6-801EBFAC1DE9}.Debug|ARM64.Build.0 = Debug|Any CPU
		{FD363A17-D72D-4E3F-A2D6-801EBFAC1DE9}.Debug|x64.ActiveCfg = Debug|Any CPU
		{FD363A17-D72D-4E3F-A2D6-801EBFAC1DE9}.Debug|x64.Build.0 = Debug|Any CPU
		{FD363A17-D72D-4E3F-A2D6-801EBFAC1DE9}.Debug|x86.ActiveCfg = Debug|Any CPU
		{FD363A17-D72D-4E3F-A2D6-801EBFAC1DE9}.Debug|x86.Build.0 = Debug|Any CPU
		{FD363A17-D72D-4E3F-A2D6-801EBFAC1DE9}.Release|Any CPU.ActiveCfg = Release|Any CPU
		{FD363A17-D72D-4E3F-A2D6-801EBFAC1DE9}.Release|Any CPU.Build.0 = Release|Any CPU
		{FD363A17-D72D-4E3F-A2D6-801EBFAC1DE9}.Release|ARM.ActiveCfg = Release|Any CPU
		{FD363A17-D72D-4E3F-A2D6-801EBFAC1DE9}.Release|ARM.Build.0 = Release|Any CPU
		{FD363A17-D72D-4E3F-A2D6-801EBFAC1DE9}.Release|ARM64.ActiveCfg = Release|Any CPU
		{FD363A17-D72D-4E3F-A2D6-801EBFAC1DE9}.Release|ARM64.Build.0 = Release|Any CPU
		{FD363A17-D72D-4E3F-A2D6-801EBFAC1DE9}.Release|x64.ActiveCfg = Release|Any CPU
		{FD363A17-D72D-4E3F-A2D6-801EBFAC1DE9}.Release|x64.Build.0 = Release|Any CPU
		{FD363A17-D72D-4E3F-A2D6-801EBFAC1DE9}.Release|x86.ActiveCfg = Release|Any CPU
		{FD363A17-D72D-4E3F-A2D6-801EBFAC1DE9}.Release|x86.Build.0 = Release|Any CPU
	EndGlobalSection
	GlobalSection(SolutionProperties) = preSolution
		HideSolutionNode = FALSE
	EndGlobalSection
	GlobalSection(NestedProjects) = preSolution
		{65D1C1F5-D768-433C-894B-D43C87EEF655} = {58685B8D-A526-48EF-AE59-7F927585EEED}
		{39EE8D82-6EA6-4F7C-8890-00C1BE4E4647} = {B78FA97B-4FD8-4F39-A94C-8A41B16DE59B}
		{F283B52E-2AF4-4B95-B6BD-DE57E4D9DB8D} = {39EE8D82-6EA6-4F7C-8890-00C1BE4E4647}
		{8DE494D3-CD7D-4C08-AEBD-C949DF7C3BED} = {F283B52E-2AF4-4B95-B6BD-DE57E4D9DB8D}
		{E07E1EEF-E336-4951-9D93-15315D25E9E1} = {F283B52E-2AF4-4B95-B6BD-DE57E4D9DB8D}
		{212B15FC-AA79-467F-A98B-9F90D94CDABA} = {7B2C07C6-98F0-42D9-86CF-94BB9DD77F06}
		{BB612000-F80F-4245-BAAA-8C41980B3DEA} = {39EE8D82-6EA6-4F7C-8890-00C1BE4E4647}
		{10F7726B-8FF5-4B60-9233-DBA298034D00} = {7B2C07C6-98F0-42D9-86CF-94BB9DD77F06}
		{7AB6019C-8A9D-41E0-A3E6-3ED10784BAE2} = {54F8EABA-DD8A-4E0F-8AE9-871C972F6D93}
		{FDFE78E0-D933-4AAA-803C-2C014FC878BA} = {89EA33C7-95E8-4F88-81CA-4BAB2CE5E268}
		{E2FD9088-50E3-451F-BB66-D4C651A69134} = {B78FA97B-4FD8-4F39-A94C-8A41B16DE59B}
		{185F145E-275F-4D80-998B-66AEFCFEB205} = {E2FD9088-50E3-451F-BB66-D4C651A69134}
		{4133E16B-50F8-4C1A-8E45-F39DAE576942} = {185F145E-275F-4D80-998B-66AEFCFEB205}
		{36DF34CD-FB48-42B5-8EA2-EDE9F6434F26} = {185F145E-275F-4D80-998B-66AEFCFEB205}
		{FD363A17-D72D-4E3F-A2D6-801EBFAC1DE9} = {E2FD9088-50E3-451F-BB66-D4C651A69134}
		{C1352FD2-0803-4610-94D3-D2391350B851} = {39EE8D82-6EA6-4F7C-8890-00C1BE4E4647}
		{745F60E5-10D7-405E-8F98-512CF41B5540} = {E2FD9088-50E3-451F-BB66-D4C651A69134}
	EndGlobalSection
	GlobalSection(ExtensibilityGlobals) = postSolution
		SolutionGuid = {D696FB2D-65B2-44E2-929D-39F0173B1A24}
	EndGlobalSection
EndGlobal
