
Microsoft Visual Studio Solution File, Format Version 12.00
# Visual Studio Version 16
VisualStudioVersion = 16.0.29519.87
MinimumVisualStudioVersion = 10.0.40219.1
Project("{FAE04EC0-301F-11D3-BF4B-00C04F79EFBC}") = "OneSim.Uwp", "OneSim.Uwp\OneSim.Uwp.csproj", "{1681497F-A8E2-4F0E-A4E8-ACB84A4BB852}"
EndProject
Project("{2150E333-8FDC-42A3-9474-1A3956D46DE8}") = "Desktop", "Desktop", "{54F8EABA-DD8A-4E0F-8AE9-871C972F6D93}"
EndProject
Project("{2150E333-8FDC-42A3-9474-1A3956D46DE8}") = "Web", "Web", "{3E0230D3-30B7-42FE-8F4C-FF40BBA462D0}"
EndProject
Project("{2150E333-8FDC-42A3-9474-1A3956D46DE8}") = "Common", "Common", "{58685B8D-A526-48EF-AE59-7F927585EEED}"
EndProject
Project("{FAE04EC0-301F-11D3-BF4B-00C04F79EFBC}") = "OneSim.Models", "OneSim.Models\OneSim.Models.csproj", "{65D1C1F5-D768-433C-894B-D43C87EEF655}"
EndProject
Project("{2150E333-8FDC-42A3-9474-1A3956D46DE8}") = "FleetManager", "FleetManager", "{0588C5D5-08E8-40C8-8CBC-7FB80AB2DD00}"
EndProject
Project("{2150E333-8FDC-42A3-9474-1A3956D46DE8}") = "Identity", "Identity", "{39EE8D82-6EA6-4F7C-8890-00C1BE4E4647}"
EndProject
Project("{2150E333-8FDC-42A3-9474-1A3956D46DE8}") = "Core", "Core", "{F283B52E-2AF4-4B95-B6BD-DE57E4D9DB8D}"
EndProject
Project("{FAE04EC0-301F-11D3-BF4B-00C04F79EFBC}") = "OneSim.Identity.Domain", "OneSim.Identity.Domain\OneSim.Identity.Domain.csproj", "{8DE494D3-CD7D-4C08-AEBD-C949DF7C3BED}"
EndProject
Project("{FAE04EC0-301F-11D3-BF4B-00C04F79EFBC}") = "OneSim.Identity.Application", "OneSim.Identity.Application\OneSim.Identity.Application.csproj", "{E07E1EEF-E336-4951-9D93-15315D25E9E1}"
EndProject
Project("{2150E333-8FDC-42A3-9474-1A3956D46DE8}") = "Tests", "Tests", "{26265438-70AC-4F7C-AB5F-9CF8B37A7514}"
EndProject
Project("{FAE04EC0-301F-11D3-BF4B-00C04F79EFBC}") = "OneSim.Identity.Tests", "OneSim.Identity.Tests\OneSim.Identity.Tests.csproj", "{C1352FD2-0803-4610-94D3-D2391350B851}"
EndProject
Global
	GlobalSection(SolutionConfigurationPlatforms) = preSolution
		Debug|Any CPU = Debug|Any CPU
		Debug|ARM = Debug|ARM
		Debug|ARM64 = Debug|ARM64
		Debug|x64 = Debug|x64
		Debug|x86 = Debug|x86
		Release|Any CPU = Release|Any CPU
		Release|ARM = Release|ARM
		Release|ARM64 = Release|ARM64
		Release|x64 = Release|x64
		Release|x86 = Release|x86
	EndGlobalSection
	GlobalSection(ProjectConfigurationPlatforms) = postSolution
		{1681497F-A8E2-4F0E-A4E8-ACB84A4BB852}.Debug|Any CPU.ActiveCfg = Debug|x86
		{1681497F-A8E2-4F0E-A4E8-ACB84A4BB852}.Debug|ARM.ActiveCfg = Debug|ARM
		{1681497F-A8E2-4F0E-A4E8-ACB84A4BB852}.Debug|ARM.Build.0 = Debug|ARM
		{1681497F-A8E2-4F0E-A4E8-ACB84A4BB852}.Debug|ARM.Deploy.0 = Debug|ARM
		{1681497F-A8E2-4F0E-A4E8-ACB84A4BB852}.Debug|ARM64.ActiveCfg = Debug|ARM64
		{1681497F-A8E2-4F0E-A4E8-ACB84A4BB852}.Debug|ARM64.Build.0 = Debug|ARM64
		{1681497F-A8E2-4F0E-A4E8-ACB84A4BB852}.Debug|ARM64.Deploy.0 = Debug|ARM64
		{1681497F-A8E2-4F0E-A4E8-ACB84A4BB852}.Debug|x64.ActiveCfg = Debug|x64
		{1681497F-A8E2-4F0E-A4E8-ACB84A4BB852}.Debug|x64.Build.0 = Debug|x64
		{1681497F-A8E2-4F0E-A4E8-ACB84A4BB852}.Debug|x64.Deploy.0 = Debug|x64
		{1681497F-A8E2-4F0E-A4E8-ACB84A4BB852}.Debug|x86.ActiveCfg = Debug|x86
		{1681497F-A8E2-4F0E-A4E8-ACB84A4BB852}.Debug|x86.Build.0 = Debug|x86
		{1681497F-A8E2-4F0E-A4E8-ACB84A4BB852}.Debug|x86.Deploy.0 = Debug|x86
		{1681497F-A8E2-4F0E-A4E8-ACB84A4BB852}.Release|Any CPU.ActiveCfg = Release|x86
		{1681497F-A8E2-4F0E-A4E8-ACB84A4BB852}.Release|ARM.ActiveCfg = Release|ARM
		{1681497F-A8E2-4F0E-A4E8-ACB84A4BB852}.Release|ARM.Build.0 = Release|ARM
		{1681497F-A8E2-4F0E-A4E8-ACB84A4BB852}.Release|ARM.Deploy.0 = Release|ARM
		{1681497F-A8E2-4F0E-A4E8-ACB84A4BB852}.Release|ARM64.ActiveCfg = Release|ARM64
		{1681497F-A8E2-4F0E-A4E8-ACB84A4BB852}.Release|ARM64.Build.0 = Release|ARM64
		{1681497F-A8E2-4F0E-A4E8-ACB84A4BB852}.Release|ARM64.Deploy.0 = Release|ARM64
		{1681497F-A8E2-4F0E-A4E8-ACB84A4BB852}.Release|x64.ActiveCfg = Release|x64
		{1681497F-A8E2-4F0E-A4E8-ACB84A4BB852}.Release|x64.Build.0 = Release|x64
		{1681497F-A8E2-4F0E-A4E8-ACB84A4BB852}.Release|x64.Deploy.0 = Release|x64
		{1681497F-A8E2-4F0E-A4E8-ACB84A4BB852}.Release|x86.ActiveCfg = Release|x86
		{1681497F-A8E2-4F0E-A4E8-ACB84A4BB852}.Release|x86.Build.0 = Release|x86
		{1681497F-A8E2-4F0E-A4E8-ACB84A4BB852}.Release|x86.Deploy.0 = Release|x86
		{65D1C1F5-D768-433C-894B-D43C87EEF655}.Debug|Any CPU.ActiveCfg = Debug|Any CPU
		{65D1C1F5-D768-433C-894B-D43C87EEF655}.Debug|Any CPU.Build.0 = Debug|Any CPU
		{65D1C1F5-D768-433C-894B-D43C87EEF655}.Debug|ARM.ActiveCfg = Debug|Any CPU
		{65D1C1F5-D768-433C-894B-D43C87EEF655}.Debug|ARM.Build.0 = Debug|Any CPU
		{65D1C1F5-D768-433C-894B-D43C87EEF655}.Debug|ARM64.ActiveCfg = Debug|Any CPU
		{65D1C1F5-D768-433C-894B-D43C87EEF655}.Debug|ARM64.Build.0 = Debug|Any CPU
		{65D1C1F5-D768-433C-894B-D43C87EEF655}.Debug|x64.ActiveCfg = Debug|Any CPU
		{65D1C1F5-D768-433C-894B-D43C87EEF655}.Debug|x64.Build.0 = Debug|Any CPU
		{65D1C1F5-D768-433C-894B-D43C87EEF655}.Debug|x86.ActiveCfg = Debug|Any CPU
		{65D1C1F5-D768-433C-894B-D43C87EEF655}.Debug|x86.Build.0 = Debug|Any CPU
		{65D1C1F5-D768-433C-894B-D43C87EEF655}.Release|Any CPU.ActiveCfg = Release|Any CPU
		{65D1C1F5-D768-433C-894B-D43C87EEF655}.Release|Any CPU.Build.0 = Release|Any CPU
		{65D1C1F5-D768-433C-894B-D43C87EEF655}.Release|ARM.ActiveCfg = Release|Any CPU
		{65D1C1F5-D768-433C-894B-D43C87EEF655}.Release|ARM.Build.0 = Release|Any CPU
		{65D1C1F5-D768-433C-894B-D43C87EEF655}.Release|ARM64.ActiveCfg = Release|Any CPU
		{65D1C1F5-D768-433C-894B-D43C87EEF655}.Release|ARM64.Build.0 = Release|Any CPU
		{65D1C1F5-D768-433C-894B-D43C87EEF655}.Release|x64.ActiveCfg = Release|Any CPU
		{65D1C1F5-D768-433C-894B-D43C87EEF655}.Release|x64.Build.0 = Release|Any CPU
		{65D1C1F5-D768-433C-894B-D43C87EEF655}.Release|x86.ActiveCfg = Release|Any CPU
		{65D1C1F5-D768-433C-894B-D43C87EEF655}.Release|x86.Build.0 = Release|Any CPU
		{8DE494D3-CD7D-4C08-AEBD-C949DF7C3BED}.Debug|Any CPU.ActiveCfg = Debug|Any CPU
		{8DE494D3-CD7D-4C08-AEBD-C949DF7C3BED}.Debug|Any CPU.Build.0 = Debug|Any CPU
		{8DE494D3-CD7D-4C08-AEBD-C949DF7C3BED}.Debug|ARM.ActiveCfg = Debug|Any CPU
		{8DE494D3-CD7D-4C08-AEBD-C949DF7C3BED}.Debug|ARM.Build.0 = Debug|Any CPU
		{8DE494D3-CD7D-4C08-AEBD-C949DF7C3BED}.Debug|ARM64.ActiveCfg = Debug|Any CPU
		{8DE494D3-CD7D-4C08-AEBD-C949DF7C3BED}.Debug|ARM64.Build.0 = Debug|Any CPU
		{8DE494D3-CD7D-4C08-AEBD-C949DF7C3BED}.Debug|x64.ActiveCfg = Debug|Any CPU
		{8DE494D3-CD7D-4C08-AEBD-C949DF7C3BED}.Debug|x64.Build.0 = Debug|Any CPU
		{8DE494D3-CD7D-4C08-AEBD-C949DF7C3BED}.Debug|x86.ActiveCfg = Debug|Any CPU
		{8DE494D3-CD7D-4C08-AEBD-C949DF7C3BED}.Debug|x86.Build.0 = Debug|Any CPU
		{8DE494D3-CD7D-4C08-AEBD-C949DF7C3BED}.Release|Any CPU.ActiveCfg = Release|Any CPU
		{8DE494D3-CD7D-4C08-AEBD-C949DF7C3BED}.Release|Any CPU.Build.0 = Release|Any CPU
		{8DE494D3-CD7D-4C08-AEBD-C949DF7C3BED}.Release|ARM.ActiveCfg = Release|Any CPU
		{8DE494D3-CD7D-4C08-AEBD-C949DF7C3BED}.Release|ARM.Build.0 = Release|Any CPU
		{8DE494D3-CD7D-4C08-AEBD-C949DF7C3BED}.Release|ARM64.ActiveCfg = Release|Any CPU
		{8DE494D3-CD7D-4C08-AEBD-C949DF7C3BED}.Release|ARM64.Build.0 = Release|Any CPU
		{8DE494D3-CD7D-4C08-AEBD-C949DF7C3BED}.Release|x64.ActiveCfg = Release|Any CPU
		{8DE494D3-CD7D-4C08-AEBD-C949DF7C3BED}.Release|x64.Build.0 = Release|Any CPU
		{8DE494D3-CD7D-4C08-AEBD-C949DF7C3BED}.Release|x86.ActiveCfg = Release|Any CPU
		{8DE494D3-CD7D-4C08-AEBD-C949DF7C3BED}.Release|x86.Build.0 = Release|Any CPU
		{E07E1EEF-E336-4951-9D93-15315D25E9E1}.Debug|Any CPU.ActiveCfg = Debug|Any CPU
		{E07E1EEF-E336-4951-9D93-15315D25E9E1}.Debug|Any CPU.Build.0 = Debug|Any CPU
		{E07E1EEF-E336-4951-9D93-15315D25E9E1}.Debug|ARM.ActiveCfg = Debug|Any CPU
		{E07E1EEF-E336-4951-9D93-15315D25E9E1}.Debug|ARM.Build.0 = Debug|Any CPU
		{E07E1EEF-E336-4951-9D93-15315D25E9E1}.Debug|ARM64.ActiveCfg = Debug|Any CPU
		{E07E1EEF-E336-4951-9D93-15315D25E9E1}.Debug|ARM64.Build.0 = Debug|Any CPU
		{E07E1EEF-E336-4951-9D93-15315D25E9E1}.Debug|x64.ActiveCfg = Debug|Any CPU
		{E07E1EEF-E336-4951-9D93-15315D25E9E1}.Debug|x64.Build.0 = Debug|Any CPU
		{E07E1EEF-E336-4951-9D93-15315D25E9E1}.Debug|x86.ActiveCfg = Debug|Any CPU
		{E07E1EEF-E336-4951-9D93-15315D25E9E1}.Debug|x86.Build.0 = Debug|Any CPU
		{E07E1EEF-E336-4951-9D93-15315D25E9E1}.Release|Any CPU.ActiveCfg = Release|Any CPU
		{E07E1EEF-E336-4951-9D93-15315D25E9E1}.Release|Any CPU.Build.0 = Release|Any CPU
		{E07E1EEF-E336-4951-9D93-15315D25E9E1}.Release|ARM.ActiveCfg = Release|Any CPU
		{E07E1EEF-E336-4951-9D93-15315D25E9E1}.Release|ARM.Build.0 = Release|Any CPU
		{E07E1EEF-E336-4951-9D93-15315D25E9E1}.Release|ARM64.ActiveCfg = Release|Any CPU
		{E07E1EEF-E336-4951-9D93-15315D25E9E1}.Release|ARM64.Build.0 = Release|Any CPU
		{E07E1EEF-E336-4951-9D93-15315D25E9E1}.Release|x64.ActiveCfg = Release|Any CPU
		{E07E1EEF-E336-4951-9D93-15315D25E9E1}.Release|x64.Build.0 = Release|Any CPU
		{E07E1EEF-E336-4951-9D93-15315D25E9E1}.Release|x86.ActiveCfg = Release|Any CPU
		{E07E1EEF-E336-4951-9D93-15315D25E9E1}.Release|x86.Build.0 = Release|Any CPU
		{C1352FD2-0803-4610-94D3-D2391350B851}.Debug|Any CPU.ActiveCfg = Debug|Any CPU
		{C1352FD2-0803-4610-94D3-D2391350B851}.Debug|Any CPU.Build.0 = Debug|Any CPU
		{C1352FD2-0803-4610-94D3-D2391350B851}.Debug|ARM.ActiveCfg = Debug|Any CPU
		{C1352FD2-0803-4610-94D3-D2391350B851}.Debug|ARM.Build.0 = Debug|Any CPU
		{C1352FD2-0803-4610-94D3-D2391350B851}.Debug|ARM64.ActiveCfg = Debug|Any CPU
		{C1352FD2-0803-4610-94D3-D2391350B851}.Debug|ARM64.Build.0 = Debug|Any CPU
		{C1352FD2-0803-4610-94D3-D2391350B851}.Debug|x64.ActiveCfg = Debug|Any CPU
		{C1352FD2-0803-4610-94D3-D2391350B851}.Debug|x64.Build.0 = Debug|Any CPU
		{C1352FD2-0803-4610-94D3-D2391350B851}.Debug|x86.ActiveCfg = Debug|Any CPU
		{C1352FD2-0803-4610-94D3-D2391350B851}.Debug|x86.Build.0 = Debug|Any CPU
		{C1352FD2-0803-4610-94D3-D2391350B851}.Release|Any CPU.ActiveCfg = Release|Any CPU
		{C1352FD2-0803-4610-94D3-D2391350B851}.Release|Any CPU.Build.0 = Release|Any CPU
		{C1352FD2-0803-4610-94D3-D2391350B851}.Release|ARM.ActiveCfg = Release|Any CPU
		{C1352FD2-0803-4610-94D3-D2391350B851}.Release|ARM.Build.0 = Release|Any CPU
		{C1352FD2-0803-4610-94D3-D2391350B851}.Release|ARM64.ActiveCfg = Release|Any CPU
		{C1352FD2-0803-4610-94D3-D2391350B851}.Release|ARM64.Build.0 = Release|Any CPU
		{C1352FD2-0803-4610-94D3-D2391350B851}.Release|x64.ActiveCfg = Release|Any CPU
		{C1352FD2-0803-4610-94D3-D2391350B851}.Release|x64.Build.0 = Release|Any CPU
		{C1352FD2-0803-4610-94D3-D2391350B851}.Release|x86.ActiveCfg = Release|Any CPU
		{C1352FD2-0803-4610-94D3-D2391350B851}.Release|x86.Build.0 = Release|Any CPU
	EndGlobalSection
	GlobalSection(SolutionProperties) = preSolution
		HideSolutionNode = FALSE
	EndGlobalSection
	GlobalSection(ExtensibilityGlobals) = postSolution
		SolutionGuid = {D696FB2D-65B2-44E2-929D-39F0173B1A24}
	EndGlobalSection
	GlobalSection(NestedProjects) = preSolution
		{65D1C1F5-D768-433C-894B-D43C87EEF655} = {58685B8D-A526-48EF-AE59-7F927585EEED}
		{1681497F-A8E2-4F0E-A4E8-ACB84A4BB852} = {54F8EABA-DD8A-4E0F-8AE9-871C972F6D93}
		{0588C5D5-08E8-40C8-8CBC-7FB80AB2DD00} = {3E0230D3-30B7-42FE-8F4C-FF40BBA462D0}
		{39EE8D82-6EA6-4F7C-8890-00C1BE4E4647} = {3E0230D3-30B7-42FE-8F4C-FF40BBA462D0}
		{F283B52E-2AF4-4B95-B6BD-DE57E4D9DB8D} = {39EE8D82-6EA6-4F7C-8890-00C1BE4E4647}
		{8DE494D3-CD7D-4C08-AEBD-C949DF7C3BED} = {F283B52E-2AF4-4B95-B6BD-DE57E4D9DB8D}
		{E07E1EEF-E336-4951-9D93-15315D25E9E1} = {F283B52E-2AF4-4B95-B6BD-DE57E4D9DB8D}
		{26265438-70AC-4F7C-AB5F-9CF8B37A7514} = {39EE8D82-6EA6-4F7C-8890-00C1BE4E4647}
		{C1352FD2-0803-4610-94D3-D2391350B851} = {26265438-70AC-4F7C-AB5F-9CF8B37A7514}
	EndGlobalSection
EndGlobal
